// !$*UTF8*$!
{
	archiveVersion = 1;
	classes = {
	};
	objectVersion = 46;
	objects = {

/* Begin PBXBuildFile section */
		259124121A96C629003B30C5 /* AppDelegate.swift in Sources */ = {isa = PBXBuildFile; fileRef = 259124111A96C629003B30C5 /* AppDelegate.swift */; };
		259124141A96C629003B30C5 /* ChatViewController.swift in Sources */ = {isa = PBXBuildFile; fileRef = 259124131A96C629003B30C5 /* ChatViewController.swift */; };
		259124161A96C629003B30C5 /* QueueViewController.swift in Sources */ = {isa = PBXBuildFile; fileRef = 259124151A96C629003B30C5 /* QueueViewController.swift */; };
		259124191A96C629003B30C5 /* Main.storyboard in Resources */ = {isa = PBXBuildFile; fileRef = 259124171A96C629003B30C5 /* Main.storyboard */; };
		2591241B1A96C629003B30C5 /* Images.xcassets in Resources */ = {isa = PBXBuildFile; fileRef = 2591241A1A96C629003B30C5 /* Images.xcassets */; };
		2591241E1A96C629003B30C5 /* LaunchScreen.xib in Resources */ = {isa = PBXBuildFile; fileRef = 2591241C1A96C629003B30C5 /* LaunchScreen.xib */; };
		25B8F04F1A97C627003094C0 /* AudioToolbox.framework in Frameworks */ = {isa = PBXBuildFile; fileRef = 25B8F04E1A97C627003094C0 /* AudioToolbox.framework */; };
		25B8F0511A97C62B003094C0 /* CFNetwork.framework in Frameworks */ = {isa = PBXBuildFile; fileRef = 25B8F0501A97C62B003094C0 /* CFNetwork.framework */; };
		25B8F0531A97C62F003094C0 /* CoreGraphics.framework in Frameworks */ = {isa = PBXBuildFile; fileRef = 25B8F0521A97C62F003094C0 /* CoreGraphics.framework */; };
		25B8F0551A97C633003094C0 /* CoreMedia.framework in Frameworks */ = {isa = PBXBuildFile; fileRef = 25B8F0541A97C633003094C0 /* CoreMedia.framework */; };
		25B8F0571A97C637003094C0 /* Security.framework in Frameworks */ = {isa = PBXBuildFile; fileRef = 25B8F0561A97C637003094C0 /* Security.framework */; };
		25B8F0591A97C63C003094C0 /* SystemConfiguration.framework in Frameworks */ = {isa = PBXBuildFile; fileRef = 25B8F0581A97C63C003094C0 /* SystemConfiguration.framework */; };
		25F785E31A98197500CC0B89 /* Rdio.framework in Frameworks */ = {isa = PBXBuildFile; fileRef = 25F785E21A98197500CC0B89 /* Rdio.framework */; };
		597877C7C6D35F77B6B50A69 /* libPods.a in Frameworks */ = {isa = PBXBuildFile; fileRef = 1E03EAD0ECC1EE54FDE1DF69 /* libPods.a */; };
		A00233901AA03A5D0028CED2 /* rdioPartyLogo.png in Resources */ = {isa = PBXBuildFile; fileRef = A002338F1AA03A5D0028CED2 /* rdioPartyLogo.png */; };
		A032A2191A9A993400EF5924 /* PeopleListViewController.swift in Sources */ = {isa = PBXBuildFile; fileRef = A032A2181A9A993400EF5924 /* PeopleListViewController.swift */; };
		A03B31F71A9985A600C7424F /* Session.swift in Sources */ = {isa = PBXBuildFile; fileRef = A03B31F61A9985A600C7424F /* Session.swift */; };
		A0582E951A9A565400C37188 /* RoomListViewController.swift in Sources */ = {isa = PBXBuildFile; fileRef = A0582E931A9A565400C37188 /* RoomListViewController.swift */; };
		A062BF001AA275BF00945407 /* Queue.swift in Sources */ = {isa = PBXBuildFile; fileRef = A062BEFF1AA275BF00945407 /* Queue.swift */; };
		A062BF021AA27A6000945407 /* QueueItemCellTableViewCell.swift in Sources */ = {isa = PBXBuildFile; fileRef = A062BF011AA27A6000945407 /* QueueItemCellTableViewCell.swift */; };
		A06931311A9A8A8500188118 /* Firebase.framework in Frameworks */ = {isa = PBXBuildFile; fileRef = A06931301A9A8A8500188118 /* Firebase.framework */; };
		A06931331A9A8AE200188118 /* libicucore.dylib in Frameworks */ = {isa = PBXBuildFile; fileRef = A06931321A9A8AE200188118 /* libicucore.dylib */; };
		A06931351A9A8AE900188118 /* libc++.dylib in Frameworks */ = {isa = PBXBuildFile; fileRef = A06931341A9A8AE900188118 /* libc++.dylib */; };
		A06D67231A9AB276005722D8 /* MediaPlayer.framework in Frameworks */ = {isa = PBXBuildFile; fileRef = A06D67221A9AB276005722D8 /* MediaPlayer.framework */; };
		A06D67251A9AB27D005722D8 /* QuartzCore.framework in Frameworks */ = {isa = PBXBuildFile; fileRef = A06D67241A9AB27D005722D8 /* QuartzCore.framework */; };
		A0828F6C1A9EC7AE00BFF409 /* RoomListPresenter.swift in Sources */ = {isa = PBXBuildFile; fileRef = A0828F6B1A9EC7AE00BFF409 /* RoomListPresenter.swift */; };
		A0828F6E1A9EC8BD00BFF409 /* Presenter.swift in Sources */ = {isa = PBXBuildFile; fileRef = A0828F6D1A9EC8BD00BFF409 /* Presenter.swift */; };
		A0828F701A9ECFAC00BFF409 /* RdioPartyViewController.swift in Sources */ = {isa = PBXBuildFile; fileRef = A0828F6F1A9ECFAC00BFF409 /* RdioPartyViewController.swift */; };
		A0828F7B1A9EE38700BFF409 /* RoomListTableViewCell.swift in Sources */ = {isa = PBXBuildFile; fileRef = A0828F791A9EE36800BFF409 /* RoomListTableViewCell.swift */; };
		A0BE2ED61A997E620050FCE5 /* Room.swift in Sources */ = {isa = PBXBuildFile; fileRef = A0BE2ED51A997E620050FCE5 /* Room.swift */; };
		A0BE2ED91A997E750050FCE5 /* Person.swift in Sources */ = {isa = PBXBuildFile; fileRef = A0BE2ED81A997E750050FCE5 /* Person.swift */; };
		A0D93D411A9990A700F138DC /* RdioPlayerManager.swift in Sources */ = {isa = PBXBuildFile; fileRef = A0D93D401A9990A700F138DC /* RdioPlayerManager.swift */; };
		A0D93D431A99952600F138DC /* Message.swift in Sources */ = {isa = PBXBuildFile; fileRef = A0D93D421A99952600F138DC /* Message.swift */; };
		A0EFB7CB1A9EF5530098542F /* ChatPresenter.swift in Sources */ = {isa = PBXBuildFile; fileRef = A0EFB7CA1A9EF5530098542F /* ChatPresenter.swift */; };
		A0EFB7CE1A9F02580098542F /* ChatMessageTableViewCell.swift in Sources */ = {isa = PBXBuildFile; fileRef = A0EFB7CC1A9F02580098542F /* ChatMessageTableViewCell.swift */; };
		A0EFB7CF1A9F02580098542F /* ChatMessageTableViewCell.xib in Resources */ = {isa = PBXBuildFile; fileRef = A0EFB7CD1A9F02580098542F /* ChatMessageTableViewCell.xib */; };
		A0F3462D1AA04E35000D9EEA /* LoginViewController.swift in Sources */ = {isa = PBXBuildFile; fileRef = A0F3462B1AA04E35000D9EEA /* LoginViewController.swift */; };
		A0F3462E1AA04E35000D9EEA /* LoginViewController.xib in Resources */ = {isa = PBXBuildFile; fileRef = A0F3462C1AA04E35000D9EEA /* LoginViewController.xib */; };
		A0F346301AA256AE000D9EEA /* ChatMessageContentTextView.swift in Sources */ = {isa = PBXBuildFile; fileRef = A0F3462F1AA256AE000D9EEA /* ChatMessageContentTextView.swift */; };
		A0F346331AA26CEA000D9EEA /* vote-down.png in Resources */ = {isa = PBXBuildFile; fileRef = A0F346311AA26CEA000D9EEA /* vote-down.png */; };
		A0F346341AA26CEA000D9EEA /* vote-up.png in Resources */ = {isa = PBXBuildFile; fileRef = A0F346321AA26CEA000D9EEA /* vote-up.png */; };
		A0F6A36A1AA271A700FEAE77 /* Song.swift in Sources */ = {isa = PBXBuildFile; fileRef = A0F6A3691AA271A700FEAE77 /* Song.swift */; };
		A0FCE8A31AA3808C00FB1310 /* CutOutView.swift in Sources */ = {isa = PBXBuildFile; fileRef = A0FCE8A21AA3808C00FB1310 /* CutOutView.swift */; };
		A0FCE8A51AA390ED00FB1310 /* PlayerView.xib in Resources */ = {isa = PBXBuildFile; fileRef = A0FCE8A41AA390ED00FB1310 /* PlayerView.xib */; };
		A0FCE8A71AA3916D00FB1310 /* PlayerView.swift in Sources */ = {isa = PBXBuildFile; fileRef = A0FCE8A61AA3916D00FB1310 /* PlayerView.swift */; };
/* End PBXBuildFile section */

/* Begin PBXFileReference section */
		1E03EAD0ECC1EE54FDE1DF69 /* libPods.a */ = {isa = PBXFileReference; explicitFileType = archive.ar; includeInIndex = 0; path = libPods.a; sourceTree = BUILT_PRODUCTS_DIR; };
		2591240C1A96C629003B30C5 /* RdioParty.app */ = {isa = PBXFileReference; explicitFileType = wrapper.application; includeInIndex = 0; path = RdioParty.app; sourceTree = BUILT_PRODUCTS_DIR; };
		259124101A96C629003B30C5 /* Info.plist */ = {isa = PBXFileReference; lastKnownFileType = text.plist.xml; path = Info.plist; sourceTree = "<group>"; };
		259124111A96C629003B30C5 /* AppDelegate.swift */ = {isa = PBXFileReference; lastKnownFileType = sourcecode.swift; path = AppDelegate.swift; sourceTree = "<group>"; };
		259124131A96C629003B30C5 /* ChatViewController.swift */ = {isa = PBXFileReference; lastKnownFileType = sourcecode.swift; path = ChatViewController.swift; sourceTree = "<group>"; };
		259124151A96C629003B30C5 /* QueueViewController.swift */ = {isa = PBXFileReference; lastKnownFileType = sourcecode.swift; path = QueueViewController.swift; sourceTree = "<group>"; };
		259124181A96C629003B30C5 /* Base */ = {isa = PBXFileReference; lastKnownFileType = file.storyboard; name = Base; path = Base.lproj/Main.storyboard; sourceTree = "<group>"; };
		2591241A1A96C629003B30C5 /* Images.xcassets */ = {isa = PBXFileReference; lastKnownFileType = folder.assetcatalog; path = Images.xcassets; sourceTree = "<group>"; };
		2591241D1A96C629003B30C5 /* Base */ = {isa = PBXFileReference; lastKnownFileType = file.xib; name = Base; path = Base.lproj/LaunchScreen.xib; sourceTree = "<group>"; };
		259124281A96C629003B30C5 /* Info.plist */ = {isa = PBXFileReference; lastKnownFileType = text.plist.xml; path = Info.plist; sourceTree = "<group>"; };
		259124291A96C629003B30C5 /* RdioPartyTests.swift */ = {isa = PBXFileReference; lastKnownFileType = sourcecode.swift; path = RdioPartyTests.swift; sourceTree = "<group>"; };
		25B8F04E1A97C627003094C0 /* AudioToolbox.framework */ = {isa = PBXFileReference; lastKnownFileType = wrapper.framework; name = AudioToolbox.framework; path = System/Library/Frameworks/AudioToolbox.framework; sourceTree = SDKROOT; };
		25B8F0501A97C62B003094C0 /* CFNetwork.framework */ = {isa = PBXFileReference; lastKnownFileType = wrapper.framework; name = CFNetwork.framework; path = System/Library/Frameworks/CFNetwork.framework; sourceTree = SDKROOT; };
		25B8F0521A97C62F003094C0 /* CoreGraphics.framework */ = {isa = PBXFileReference; lastKnownFileType = wrapper.framework; name = CoreGraphics.framework; path = System/Library/Frameworks/CoreGraphics.framework; sourceTree = SDKROOT; };
		25B8F0541A97C633003094C0 /* CoreMedia.framework */ = {isa = PBXFileReference; lastKnownFileType = wrapper.framework; name = CoreMedia.framework; path = System/Library/Frameworks/CoreMedia.framework; sourceTree = SDKROOT; };
		25B8F0561A97C637003094C0 /* Security.framework */ = {isa = PBXFileReference; lastKnownFileType = wrapper.framework; name = Security.framework; path = System/Library/Frameworks/Security.framework; sourceTree = SDKROOT; };
		25B8F0581A97C63C003094C0 /* SystemConfiguration.framework */ = {isa = PBXFileReference; lastKnownFileType = wrapper.framework; name = SystemConfiguration.framework; path = System/Library/Frameworks/SystemConfiguration.framework; sourceTree = SDKROOT; };
		25F785E21A98197500CC0B89 /* Rdio.framework */ = {isa = PBXFileReference; lastKnownFileType = wrapper.framework; name = Rdio.framework; path = Frameworks/Rdio.framework; sourceTree = "<group>"; };
		A002338F1AA03A5D0028CED2 /* rdioPartyLogo.png */ = {isa = PBXFileReference; lastKnownFileType = image.png; path = rdioPartyLogo.png; sourceTree = "<group>"; };
		A032A2181A9A993400EF5924 /* PeopleListViewController.swift */ = {isa = PBXFileReference; fileEncoding = 4; lastKnownFileType = sourcecode.swift; path = PeopleListViewController.swift; sourceTree = "<group>"; };
		A03B31F61A9985A600C7424F /* Session.swift */ = {isa = PBXFileReference; fileEncoding = 4; lastKnownFileType = sourcecode.swift; path = Session.swift; sourceTree = "<group>"; };
		A0582E931A9A565400C37188 /* RoomListViewController.swift */ = {isa = PBXFileReference; fileEncoding = 4; lastKnownFileType = sourcecode.swift; path = RoomListViewController.swift; sourceTree = "<group>"; };
		A062BEFF1AA275BF00945407 /* Queue.swift */ = {isa = PBXFileReference; fileEncoding = 4; lastKnownFileType = sourcecode.swift; path = Queue.swift; sourceTree = "<group>"; };
		A062BF011AA27A6000945407 /* QueueItemCellTableViewCell.swift */ = {isa = PBXFileReference; fileEncoding = 4; lastKnownFileType = sourcecode.swift; path = QueueItemCellTableViewCell.swift; sourceTree = "<group>"; };
		A06931301A9A8A8500188118 /* Firebase.framework */ = {isa = PBXFileReference; lastKnownFileType = wrapper.framework; name = Firebase.framework; path = Frameworks/Firebase.framework; sourceTree = "<group>"; };
		A06931321A9A8AE200188118 /* libicucore.dylib */ = {isa = PBXFileReference; lastKnownFileType = "compiled.mach-o.dylib"; name = libicucore.dylib; path = usr/lib/libicucore.dylib; sourceTree = SDKROOT; };
		A06931341A9A8AE900188118 /* libc++.dylib */ = {isa = PBXFileReference; lastKnownFileType = "compiled.mach-o.dylib"; name = "libc++.dylib"; path = "usr/lib/libc++.dylib"; sourceTree = SDKROOT; };
		A06D67221A9AB276005722D8 /* MediaPlayer.framework */ = {isa = PBXFileReference; lastKnownFileType = wrapper.framework; name = MediaPlayer.framework; path = System/Library/Frameworks/MediaPlayer.framework; sourceTree = SDKROOT; };
		A06D67241A9AB27D005722D8 /* QuartzCore.framework */ = {isa = PBXFileReference; lastKnownFileType = wrapper.framework; name = QuartzCore.framework; path = System/Library/Frameworks/QuartzCore.framework; sourceTree = SDKROOT; };
		A06D672B1A9AB388005722D8 /* RdioParty-Bridging-Header.h */ = {isa = PBXFileReference; lastKnownFileType = sourcecode.c.h; path = "RdioParty-Bridging-Header.h"; sourceTree = "<group>"; };
		A0828F6B1A9EC7AE00BFF409 /* RoomListPresenter.swift */ = {isa = PBXFileReference; fileEncoding = 4; lastKnownFileType = sourcecode.swift; path = RoomListPresenter.swift; sourceTree = "<group>"; };
		A0828F6D1A9EC8BD00BFF409 /* Presenter.swift */ = {isa = PBXFileReference; fileEncoding = 4; lastKnownFileType = sourcecode.swift; path = Presenter.swift; sourceTree = "<group>"; };
		A0828F6F1A9ECFAC00BFF409 /* RdioPartyViewController.swift */ = {isa = PBXFileReference; fileEncoding = 4; lastKnownFileType = sourcecode.swift; path = RdioPartyViewController.swift; sourceTree = "<group>"; };
		A0828F791A9EE36800BFF409 /* RoomListTableViewCell.swift */ = {isa = PBXFileReference; fileEncoding = 4; lastKnownFileType = sourcecode.swift; path = RoomListTableViewCell.swift; sourceTree = "<group>"; };
		A0BE2ED51A997E620050FCE5 /* Room.swift */ = {isa = PBXFileReference; fileEncoding = 4; lastKnownFileType = sourcecode.swift; path = Room.swift; sourceTree = "<group>"; };
		A0BE2ED81A997E750050FCE5 /* Person.swift */ = {isa = PBXFileReference; fileEncoding = 4; lastKnownFileType = sourcecode.swift; path = Person.swift; sourceTree = "<group>"; };
		A0D93D401A9990A700F138DC /* RdioPlayerManager.swift */ = {isa = PBXFileReference; fileEncoding = 4; lastKnownFileType = sourcecode.swift; path = RdioPlayerManager.swift; sourceTree = "<group>"; };
		A0D93D421A99952600F138DC /* Message.swift */ = {isa = PBXFileReference; fileEncoding = 4; lastKnownFileType = sourcecode.swift; path = Message.swift; sourceTree = "<group>"; };
		A0EFB7CA1A9EF5530098542F /* ChatPresenter.swift */ = {isa = PBXFileReference; fileEncoding = 4; lastKnownFileType = sourcecode.swift; path = ChatPresenter.swift; sourceTree = "<group>"; };
		A0EFB7CC1A9F02580098542F /* ChatMessageTableViewCell.swift */ = {isa = PBXFileReference; fileEncoding = 4; lastKnownFileType = sourcecode.swift; path = ChatMessageTableViewCell.swift; sourceTree = "<group>"; };
		A0EFB7CD1A9F02580098542F /* ChatMessageTableViewCell.xib */ = {isa = PBXFileReference; fileEncoding = 4; lastKnownFileType = file.xib; path = ChatMessageTableViewCell.xib; sourceTree = "<group>"; };
		A0F3462B1AA04E35000D9EEA /* LoginViewController.swift */ = {isa = PBXFileReference; fileEncoding = 4; lastKnownFileType = sourcecode.swift; path = LoginViewController.swift; sourceTree = "<group>"; };
		A0F3462C1AA04E35000D9EEA /* LoginViewController.xib */ = {isa = PBXFileReference; fileEncoding = 4; lastKnownFileType = file.xib; path = LoginViewController.xib; sourceTree = "<group>"; };
		A0F3462F1AA256AE000D9EEA /* ChatMessageContentTextView.swift */ = {isa = PBXFileReference; fileEncoding = 4; lastKnownFileType = sourcecode.swift; path = ChatMessageContentTextView.swift; sourceTree = "<group>"; };
		A0F346311AA26CEA000D9EEA /* vote-down.png */ = {isa = PBXFileReference; lastKnownFileType = image.png; path = "vote-down.png"; sourceTree = "<group>"; };
		A0F346321AA26CEA000D9EEA /* vote-up.png */ = {isa = PBXFileReference; lastKnownFileType = image.png; path = "vote-up.png"; sourceTree = "<group>"; };
		A0F6A3691AA271A700FEAE77 /* Song.swift */ = {isa = PBXFileReference; fileEncoding = 4; lastKnownFileType = sourcecode.swift; path = Song.swift; sourceTree = "<group>"; };
		A0FCE8A21AA3808C00FB1310 /* CutOutView.swift */ = {isa = PBXFileReference; fileEncoding = 4; lastKnownFileType = sourcecode.swift; path = CutOutView.swift; sourceTree = "<group>"; };
		A0FCE8A41AA390ED00FB1310 /* PlayerView.xib */ = {isa = PBXFileReference; fileEncoding = 4; lastKnownFileType = file.xib; path = PlayerView.xib; sourceTree = "<group>"; };
		A0FCE8A61AA3916D00FB1310 /* PlayerView.swift */ = {isa = PBXFileReference; fileEncoding = 4; lastKnownFileType = sourcecode.swift; path = PlayerView.swift; sourceTree = "<group>"; };
		E8D34639FC618A3ED3270E20 /* Pods.debug.xcconfig */ = {isa = PBXFileReference; includeInIndex = 1; lastKnownFileType = text.xcconfig; name = Pods.debug.xcconfig; path = "Pods/Target Support Files/Pods/Pods.debug.xcconfig"; sourceTree = "<group>"; };
		E9894EF30424D4A5ACC7CE16 /* Pods.release.xcconfig */ = {isa = PBXFileReference; includeInIndex = 1; lastKnownFileType = text.xcconfig; name = Pods.release.xcconfig; path = "Pods/Target Support Files/Pods/Pods.release.xcconfig"; sourceTree = "<group>"; };
/* End PBXFileReference section */

/* Begin PBXFrameworksBuildPhase section */
		259124091A96C629003B30C5 /* Frameworks */ = {
			isa = PBXFrameworksBuildPhase;
			buildActionMask = 2147483647;
			files = (
				A06D67251A9AB27D005722D8 /* QuartzCore.framework in Frameworks */,
				A06D67231A9AB276005722D8 /* MediaPlayer.framework in Frameworks */,
				A06931351A9A8AE900188118 /* libc++.dylib in Frameworks */,
				A06931331A9A8AE200188118 /* libicucore.dylib in Frameworks */,
				25F785E31A98197500CC0B89 /* Rdio.framework in Frameworks */,
				A06931311A9A8A8500188118 /* Firebase.framework in Frameworks */,
				25B8F0591A97C63C003094C0 /* SystemConfiguration.framework in Frameworks */,
				25B8F0571A97C637003094C0 /* Security.framework in Frameworks */,
				25B8F0551A97C633003094C0 /* CoreMedia.framework in Frameworks */,
				25B8F0531A97C62F003094C0 /* CoreGraphics.framework in Frameworks */,
				25B8F0511A97C62B003094C0 /* CFNetwork.framework in Frameworks */,
				25B8F04F1A97C627003094C0 /* AudioToolbox.framework in Frameworks */,
				597877C7C6D35F77B6B50A69 /* libPods.a in Frameworks */,
			);
			runOnlyForDeploymentPostprocessing = 0;
		};
/* End PBXFrameworksBuildPhase section */

/* Begin PBXGroup section */
		259124031A96C629003B30C5 = {
			isa = PBXGroup;
			children = (
				2591240E1A96C629003B30C5 /* RdioParty */,
				259124261A96C629003B30C5 /* RdioPartyTests */,
				2591240D1A96C629003B30C5 /* Products */,
				9D1EA5E8FF59415DA9029AE6 /* Pods */,
				73171983C05ECBF97D50C041 /* Frameworks */,
			);
			sourceTree = "<group>";
		};
		2591240D1A96C629003B30C5 /* Products */ = {
			isa = PBXGroup;
			children = (
				2591240C1A96C629003B30C5 /* RdioParty.app */,
			);
			name = Products;
			sourceTree = "<group>";
		};
		2591240E1A96C629003B30C5 /* RdioParty */ = {
			isa = PBXGroup;
			children = (
				A002338E1AA03A5D0028CED2 /* Resources */,
				A0828F6A1A9EC79700BFF409 /* Presenters */,
				A04431C01A9D758D003A5E69 /* Views */,
				A06D672B1A9AB388005722D8 /* RdioParty-Bridging-Header.h */,
				A0582E921A9A55A600C37188 /* ViewControllers */,
				A0BE2ED41A997E1D0050FCE5 /* Classes */,
				259124111A96C629003B30C5 /* AppDelegate.swift */,
				259124171A96C629003B30C5 /* Main.storyboard */,
				2591241A1A96C629003B30C5 /* Images.xcassets */,
				2591241C1A96C629003B30C5 /* LaunchScreen.xib */,
				2591240F1A96C629003B30C5 /* Supporting Files */,
			);
			path = RdioParty;
			sourceTree = "<group>";
		};
		2591240F1A96C629003B30C5 /* Supporting Files */ = {
			isa = PBXGroup;
			children = (
				259124101A96C629003B30C5 /* Info.plist */,
			);
			name = "Supporting Files";
			sourceTree = "<group>";
		};
		259124261A96C629003B30C5 /* RdioPartyTests */ = {
			isa = PBXGroup;
			children = (
				259124291A96C629003B30C5 /* RdioPartyTests.swift */,
				259124271A96C629003B30C5 /* Supporting Files */,
			);
			path = RdioPartyTests;
			sourceTree = "<group>";
		};
		259124271A96C629003B30C5 /* Supporting Files */ = {
			isa = PBXGroup;
			children = (
				259124281A96C629003B30C5 /* Info.plist */,
			);
			name = "Supporting Files";
			sourceTree = "<group>";
		};
		73171983C05ECBF97D50C041 /* Frameworks */ = {
			isa = PBXGroup;
			children = (
				A06D67241A9AB27D005722D8 /* QuartzCore.framework */,
				A06D67221A9AB276005722D8 /* MediaPlayer.framework */,
				A06931341A9A8AE900188118 /* libc++.dylib */,
				A06931321A9A8AE200188118 /* libicucore.dylib */,
				A06931301A9A8A8500188118 /* Firebase.framework */,
				25F785E21A98197500CC0B89 /* Rdio.framework */,
				25B8F0581A97C63C003094C0 /* SystemConfiguration.framework */,
				25B8F0561A97C637003094C0 /* Security.framework */,
				25B8F0541A97C633003094C0 /* CoreMedia.framework */,
				25B8F0521A97C62F003094C0 /* CoreGraphics.framework */,
				25B8F0501A97C62B003094C0 /* CFNetwork.framework */,
				25B8F04E1A97C627003094C0 /* AudioToolbox.framework */,
				1E03EAD0ECC1EE54FDE1DF69 /* libPods.a */,
			);
			name = Frameworks;
			sourceTree = "<group>";
		};
		9D1EA5E8FF59415DA9029AE6 /* Pods */ = {
			isa = PBXGroup;
			children = (
				E8D34639FC618A3ED3270E20 /* Pods.debug.xcconfig */,
				E9894EF30424D4A5ACC7CE16 /* Pods.release.xcconfig */,
			);
			name = Pods;
			sourceTree = "<group>";
		};
		A002338E1AA03A5D0028CED2 /* Resources */ = {
			isa = PBXGroup;
			children = (
				A0F346311AA26CEA000D9EEA /* vote-down.png */,
				A0F346321AA26CEA000D9EEA /* vote-up.png */,
				A002338F1AA03A5D0028CED2 /* rdioPartyLogo.png */,
			);
			path = Resources;
			sourceTree = "<group>";
		};
		A04431C01A9D758D003A5E69 /* Views */ = {
			isa = PBXGroup;
			children = (
				A0828F791A9EE36800BFF409 /* RoomListTableViewCell.swift */,
				A0EFB7CC1A9F02580098542F /* ChatMessageTableViewCell.swift */,
				A0EFB7CD1A9F02580098542F /* ChatMessageTableViewCell.xib */,
				A0F3462F1AA256AE000D9EEA /* ChatMessageContentTextView.swift */,
				A062BF011AA27A6000945407 /* QueueItemCellTableViewCell.swift */,
				A0FCE8A21AA3808C00FB1310 /* CutOutView.swift */,
				A0FCE8A41AA390ED00FB1310 /* PlayerView.xib */,
				A0FCE8A61AA3916D00FB1310 /* PlayerView.swift */,
			);
			name = Views;
			sourceTree = "<group>";
		};
		A0582E921A9A55A600C37188 /* ViewControllers */ = {
			isa = PBXGroup;
			children = (
				259124151A96C629003B30C5 /* QueueViewController.swift */,
				259124131A96C629003B30C5 /* ChatViewController.swift */,
				A0582E931A9A565400C37188 /* RoomListViewController.swift */,
				A032A2181A9A993400EF5924 /* PeopleListViewController.swift */,
				A0828F6F1A9ECFAC00BFF409 /* RdioPartyViewController.swift */,
				A0F3462B1AA04E35000D9EEA /* LoginViewController.swift */,
				A0F3462C1AA04E35000D9EEA /* LoginViewController.xib */,
			);
			name = ViewControllers;
			sourceTree = "<group>";
		};
		A0828F6A1A9EC79700BFF409 /* Presenters */ = {
			isa = PBXGroup;
			children = (
				A0828F6B1A9EC7AE00BFF409 /* RoomListPresenter.swift */,
				A0828F6D1A9EC8BD00BFF409 /* Presenter.swift */,
				A0EFB7CA1A9EF5530098542F /* ChatPresenter.swift */,
			);
			name = Presenters;
			sourceTree = "<group>";
		};
		A0BE2ED41A997E1D0050FCE5 /* Classes */ = {
			isa = PBXGroup;
			children = (
				A0BE2ED51A997E620050FCE5 /* Room.swift */,
				A0BE2ED81A997E750050FCE5 /* Person.swift */,
				A03B31F61A9985A600C7424F /* Session.swift */,
				A0D93D401A9990A700F138DC /* RdioPlayerManager.swift */,
				A0D93D421A99952600F138DC /* Message.swift */,
				A0F6A3691AA271A700FEAE77 /* Song.swift */,
				A062BEFF1AA275BF00945407 /* Queue.swift */,
			);
			name = Classes;
			sourceTree = "<group>";
		};
/* End PBXGroup section */

/* Begin PBXNativeTarget section */
		2591240B1A96C629003B30C5 /* RdioParty */ = {
			isa = PBXNativeTarget;
			buildConfigurationList = 2591242D1A96C629003B30C5 /* Build configuration list for PBXNativeTarget "RdioParty" */;
			buildPhases = (
				E7B96F03D2ACEE195062C9A1 /* Check Pods Manifest.lock */,
				259124081A96C629003B30C5 /* Sources */,
				259124091A96C629003B30C5 /* Frameworks */,
				2591240A1A96C629003B30C5 /* Resources */,
				AD8700BB555233D088191565 /* Copy Pods Resources */,
			);
			buildRules = (
			);
			dependencies = (
			);
			name = RdioParty;
			productName = RdioParty;
			productReference = 2591240C1A96C629003B30C5 /* RdioParty.app */;
			productType = "com.apple.product-type.application";
		};
/* End PBXNativeTarget section */

/* Begin PBXProject section */
		259124041A96C629003B30C5 /* Project object */ = {
			isa = PBXProject;
			attributes = {
				LastUpgradeCheck = 0630;
				ORGANIZATIONNAME = Rdio;
				TargetAttributes = {
					2591240B1A96C629003B30C5 = {
						CreatedOnToolsVersion = 6.3;
					};
				};
			};
			buildConfigurationList = 259124071A96C629003B30C5 /* Build configuration list for PBXProject "RdioParty" */;
			compatibilityVersion = "Xcode 3.2";
			developmentRegion = English;
			hasScannedForEncodings = 0;
			knownRegions = (
				en,
				Base,
			);
			mainGroup = 259124031A96C629003B30C5;
			productRefGroup = 2591240D1A96C629003B30C5 /* Products */;
			projectDirPath = "";
			projectRoot = "";
			targets = (
				2591240B1A96C629003B30C5 /* RdioParty */,
			);
		};
/* End PBXProject section */

/* Begin PBXResourcesBuildPhase section */
		2591240A1A96C629003B30C5 /* Resources */ = {
			isa = PBXResourcesBuildPhase;
			buildActionMask = 2147483647;
			files = (
				259124191A96C629003B30C5 /* Main.storyboard in Resources */,
				A0EFB7CF1A9F02580098542F /* ChatMessageTableViewCell.xib in Resources */,
				A0FCE8A51AA390ED00FB1310 /* PlayerView.xib in Resources */,
				A0F346331AA26CEA000D9EEA /* vote-down.png in Resources */,
				A0F3462E1AA04E35000D9EEA /* LoginViewController.xib in Resources */,
				2591241E1A96C629003B30C5 /* LaunchScreen.xib in Resources */,
				2591241B1A96C629003B30C5 /* Images.xcassets in Resources */,
				A0F346341AA26CEA000D9EEA /* vote-up.png in Resources */,
				A00233901AA03A5D0028CED2 /* rdioPartyLogo.png in Resources */,
			);
			runOnlyForDeploymentPostprocessing = 0;
		};
/* End PBXResourcesBuildPhase section */

/* Begin PBXShellScriptBuildPhase section */
		AD8700BB555233D088191565 /* Copy Pods Resources */ = {
			isa = PBXShellScriptBuildPhase;
			buildActionMask = 2147483647;
			files = (
			);
			inputPaths = (
			);
			name = "Copy Pods Resources";
			outputPaths = (
			);
			runOnlyForDeploymentPostprocessing = 0;
			shellPath = /bin/sh;
			shellScript = "\"${SRCROOT}/Pods/Target Support Files/Pods/Pods-resources.sh\"\n";
			showEnvVarsInLog = 0;
		};
		E7B96F03D2ACEE195062C9A1 /* Check Pods Manifest.lock */ = {
			isa = PBXShellScriptBuildPhase;
			buildActionMask = 2147483647;
			files = (
			);
			inputPaths = (
			);
			name = "Check Pods Manifest.lock";
			outputPaths = (
			);
			runOnlyForDeploymentPostprocessing = 0;
			shellPath = /bin/sh;
			shellScript = "diff \"${PODS_ROOT}/../Podfile.lock\" \"${PODS_ROOT}/Manifest.lock\" > /dev/null\nif [[ $? != 0 ]] ; then\n    cat << EOM\nerror: The sandbox is not in sync with the Podfile.lock. Run 'pod install' or update your CocoaPods installation.\nEOM\n    exit 1\nfi\n";
			showEnvVarsInLog = 0;
		};
/* End PBXShellScriptBuildPhase section */

/* Begin PBXSourcesBuildPhase section */
		259124081A96C629003B30C5 /* Sources */ = {
			isa = PBXSourcesBuildPhase;
			buildActionMask = 2147483647;
			files = (
				A0BE2ED91A997E750050FCE5 /* Person.swift in Sources */,
				A0EFB7CE1A9F02580098542F /* ChatMessageTableViewCell.swift in Sources */,
				A0828F701A9ECFAC00BFF409 /* RdioPartyViewController.swift in Sources */,
				A03B31F71A9985A600C7424F /* Session.swift in Sources */,
				A0EFB7CB1A9EF5530098542F /* ChatPresenter.swift in Sources */,
				259124161A96C629003B30C5 /* QueueViewController.swift in Sources */,
				259124121A96C629003B30C5 /* AppDelegate.swift in Sources */,
				A0582E951A9A565400C37188 /* RoomListViewController.swift in Sources */,
				A0FCE8A31AA3808C00FB1310 /* CutOutView.swift in Sources */,
				A0F346301AA256AE000D9EEA /* ChatMessageContentTextView.swift in Sources */,
				A0828F7B1A9EE38700BFF409 /* RoomListTableViewCell.swift in Sources */,
				A0828F6C1A9EC7AE00BFF409 /* RoomListPresenter.swift in Sources */,
				A0828F6E1A9EC8BD00BFF409 /* Presenter.swift in Sources */,
				A032A2191A9A993400EF5924 /* PeopleListViewController.swift in Sources */,
				A0BE2ED61A997E620050FCE5 /* Room.swift in Sources */,
				A0F6A36A1AA271A700FEAE77 /* Song.swift in Sources */,
				A062BF021AA27A6000945407 /* QueueItemCellTableViewCell.swift in Sources */,
				A062BF001AA275BF00945407 /* Queue.swift in Sources */,
				A0F3462D1AA04E35000D9EEA /* LoginViewController.swift in Sources */,
				A0FCE8A71AA3916D00FB1310 /* PlayerView.swift in Sources */,
				A0D93D431A99952600F138DC /* Message.swift in Sources */,
				259124141A96C629003B30C5 /* ChatViewController.swift in Sources */,
				A0D93D411A9990A700F138DC /* RdioPlayerManager.swift in Sources */,
			);
			runOnlyForDeploymentPostprocessing = 0;
		};
/* End PBXSourcesBuildPhase section */

/* Begin PBXVariantGroup section */
		259124171A96C629003B30C5 /* Main.storyboard */ = {
			isa = PBXVariantGroup;
			children = (
				259124181A96C629003B30C5 /* Base */,
			);
			name = Main.storyboard;
			sourceTree = "<group>";
		};
		2591241C1A96C629003B30C5 /* LaunchScreen.xib */ = {
			isa = PBXVariantGroup;
			children = (
				2591241D1A96C629003B30C5 /* Base */,
			);
			name = LaunchScreen.xib;
			sourceTree = "<group>";
		};
/* End PBXVariantGroup section */

/* Begin XCBuildConfiguration section */
		2591242B1A96C629003B30C5 /* Debug */ = {
			isa = XCBuildConfiguration;
			buildSettings = {
				ALWAYS_SEARCH_USER_PATHS = NO;
				CLANG_CXX_LANGUAGE_STANDARD = "gnu++0x";
				CLANG_CXX_LIBRARY = "libc++";
				CLANG_ENABLE_MODULES = YES;
				CLANG_ENABLE_OBJC_ARC = YES;
				CLANG_WARN_BOOL_CONVERSION = YES;
				CLANG_WARN_CONSTANT_CONVERSION = YES;
				CLANG_WARN_DIRECT_OBJC_ISA_USAGE = YES_ERROR;
				CLANG_WARN_EMPTY_BODY = YES;
				CLANG_WARN_ENUM_CONVERSION = YES;
				CLANG_WARN_INT_CONVERSION = YES;
				CLANG_WARN_OBJC_ROOT_CLASS = YES_ERROR;
				CLANG_WARN_UNREACHABLE_CODE = YES;
				CLANG_WARN__DUPLICATE_METHOD_MATCH = YES;
				"CODE_SIGN_IDENTITY[sdk=iphoneos*]" = "iPhone Developer";
				COPY_PHASE_STRIP = NO;
				DEBUG_INFORMATION_FORMAT = dwarf;
				ENABLE_STRICT_OBJC_MSGSEND = YES;
				GCC_C_LANGUAGE_STANDARD = gnu99;
				GCC_DYNAMIC_NO_PIC = NO;
				GCC_OPTIMIZATION_LEVEL = 0;
				GCC_PREPROCESSOR_DEFINITIONS = (
					"DEBUG=1",
					"$(inherited)",
				);
				GCC_SYMBOLS_PRIVATE_EXTERN = NO;
				GCC_WARN_64_TO_32_BIT_CONVERSION = YES;
				GCC_WARN_ABOUT_RETURN_TYPE = YES_ERROR;
				GCC_WARN_UNDECLARED_SELECTOR = YES;
				GCC_WARN_UNINITIALIZED_AUTOS = YES_AGGRESSIVE;
				GCC_WARN_UNUSED_FUNCTION = YES;
				GCC_WARN_UNUSED_VARIABLE = YES;
				IPHONEOS_DEPLOYMENT_TARGET = 8.3;
				MTL_ENABLE_DEBUG_INFO = YES;
				ONLY_ACTIVE_ARCH = YES;
				SDKROOT = iphoneos;
				SWIFT_OBJC_BRIDGING_HEADER = "Bridge-Header.h";
				SWIFT_OPTIMIZATION_LEVEL = "-Onone";
				TARGETED_DEVICE_FAMILY = "1,2";
			};
			name = Debug;
		};
		2591242C1A96C629003B30C5 /* Release */ = {
			isa = XCBuildConfiguration;
			buildSettings = {
				ALWAYS_SEARCH_USER_PATHS = NO;
				CLANG_CXX_LANGUAGE_STANDARD = "gnu++0x";
				CLANG_CXX_LIBRARY = "libc++";
				CLANG_ENABLE_MODULES = YES;
				CLANG_ENABLE_OBJC_ARC = YES;
				CLANG_WARN_BOOL_CONVERSION = YES;
				CLANG_WARN_CONSTANT_CONVERSION = YES;
				CLANG_WARN_DIRECT_OBJC_ISA_USAGE = YES_ERROR;
				CLANG_WARN_EMPTY_BODY = YES;
				CLANG_WARN_ENUM_CONVERSION = YES;
				CLANG_WARN_INT_CONVERSION = YES;
				CLANG_WARN_OBJC_ROOT_CLASS = YES_ERROR;
				CLANG_WARN_UNREACHABLE_CODE = YES;
				CLANG_WARN__DUPLICATE_METHOD_MATCH = YES;
				"CODE_SIGN_IDENTITY[sdk=iphoneos*]" = "iPhone Developer";
				COPY_PHASE_STRIP = NO;
				DEBUG_INFORMATION_FORMAT = "dwarf-with-dsym";
				ENABLE_NS_ASSERTIONS = NO;
				ENABLE_STRICT_OBJC_MSGSEND = YES;
				GCC_C_LANGUAGE_STANDARD = gnu99;
				GCC_WARN_64_TO_32_BIT_CONVERSION = YES;
				GCC_WARN_ABOUT_RETURN_TYPE = YES_ERROR;
				GCC_WARN_UNDECLARED_SELECTOR = YES;
				GCC_WARN_UNINITIALIZED_AUTOS = YES_AGGRESSIVE;
				GCC_WARN_UNUSED_FUNCTION = YES;
				GCC_WARN_UNUSED_VARIABLE = YES;
				IPHONEOS_DEPLOYMENT_TARGET = 8.3;
				MTL_ENABLE_DEBUG_INFO = NO;
				SDKROOT = iphoneos;
				SWIFT_OBJC_BRIDGING_HEADER = "Bridge-Header.h";
				TARGETED_DEVICE_FAMILY = "1,2";
				VALIDATE_PRODUCT = YES;
			};
			name = Release;
		};
		2591242E1A96C629003B30C5 /* Debug */ = {
			isa = XCBuildConfiguration;
			baseConfigurationReference = E8D34639FC618A3ED3270E20 /* Pods.debug.xcconfig */;
			buildSettings = {
				ASSETCATALOG_COMPILER_APPICON_NAME = AppIcon;
				CLANG_ENABLE_MODULES = YES;
				FRAMEWORK_SEARCH_PATHS = (
					"$(inherited)",
					"$(PROJECT_DIR)/Frameworks",
					"$(PROJECT_DIR)",
				);
				INFOPLIST_FILE = RdioParty/Info.plist;
				LD_RUNPATH_SEARCH_PATHS = "$(inherited) @executable_path/Frameworks";
				PRODUCT_NAME = "$(TARGET_NAME)";
				SWIFT_OBJC_BRIDGING_HEADER = "RdioParty/RdioParty-Bridging-Header.h";
				SWIFT_OPTIMIZATION_LEVEL = "-Onone";
			};
			name = Debug;
		};
		2591242F1A96C629003B30C5 /* Release */ = {
			isa = XCBuildConfiguration;
			baseConfigurationReference = E9894EF30424D4A5ACC7CE16 /* Pods.release.xcconfig */;
			buildSettings = {
				ASSETCATALOG_COMPILER_APPICON_NAME = AppIcon;
				CLANG_ENABLE_MODULES = YES;
				FRAMEWORK_SEARCH_PATHS = (
					"$(inherited)",
					"$(PROJECT_DIR)/Frameworks",
					"$(PROJECT_DIR)",
				);
				INFOPLIST_FILE = RdioParty/Info.plist;
				LD_RUNPATH_SEARCH_PATHS = "$(inherited) @executable_path/Frameworks";
				PRODUCT_NAME = "$(TARGET_NAME)";
				SWIFT_OBJC_BRIDGING_HEADER = "RdioParty/RdioParty-Bridging-Header.h";
			};
			name = Release;
		};
/* End XCBuildConfiguration section */

/* Begin XCConfigurationList section */
		259124071A96C629003B30C5 /* Build configuration list for PBXProject "RdioParty" */ = {
			isa = XCConfigurationList;
			buildConfigurations = (
				2591242B1A96C629003B30C5 /* Debug */,
				2591242C1A96C629003B30C5 /* Release */,
			);
			defaultConfigurationIsVisible = 0;
			defaultConfigurationName = Release;
		};
		2591242D1A96C629003B30C5 /* Build configuration list for PBXNativeTarget "RdioParty" */ = {
			isa = XCConfigurationList;
			buildConfigurations = (
				2591242E1A96C629003B30C5 /* Debug */,
				2591242F1A96C629003B30C5 /* Release */,
			);
			defaultConfigurationIsVisible = 0;
			defaultConfigurationName = Release;
		};
/* End XCConfigurationList section */
	};
	rootObject = 259124041A96C629003B30C5 /* Project object */;
}
