// !$*UTF8*$!
{
	archiveVersion = 1;
	classes = {
	};
	objectVersion = 46;
	objects = {

/* Begin PBXBuildFile section */
		250971531AAA87B300AE35A7 /* PlayerHeaderTableViewCell.swift in Sources */ = {isa = PBXBuildFile; fileRef = 250971521AAA87B300AE35A7 /* PlayerHeaderTableViewCell.swift */; };
		259015761AB267C30027E95A /* PersonListTableViewCell.swift in Sources */ = {isa = PBXBuildFile; fileRef = 259015741AB267C30027E95A /* PersonListTableViewCell.swift */; };
		259015771AB267C30027E95A /* PersonListTableViewCell.xib in Resources */ = {isa = PBXBuildFile; fileRef = 259015751AB267C30027E95A /* PersonListTableViewCell.xib */; };
		259124121A96C629003B30C5 /* AppDelegate.swift in Sources */ = {isa = PBXBuildFile; fileRef = 259124111A96C629003B30C5 /* AppDelegate.swift */; };
		259124141A96C629003B30C5 /* ChatViewController.swift in Sources */ = {isa = PBXBuildFile; fileRef = 259124131A96C629003B30C5 /* ChatViewController.swift */; };
		259124161A96C629003B30C5 /* QueueViewController.swift in Sources */ = {isa = PBXBuildFile; fileRef = 259124151A96C629003B30C5 /* QueueViewController.swift */; };
		259124191A96C629003B30C5 /* Main.storyboard in Resources */ = {isa = PBXBuildFile; fileRef = 259124171A96C629003B30C5 /* Main.storyboard */; };
		2591241B1A96C629003B30C5 /* Images.xcassets in Resources */ = {isa = PBXBuildFile; fileRef = 2591241A1A96C629003B30C5 /* Images.xcassets */; };
		2591241E1A96C629003B30C5 /* LaunchScreen.xib in Resources */ = {isa = PBXBuildFile; fileRef = 2591241C1A96C629003B30C5 /* LaunchScreen.xib */; };
		25B0779B1B20C1E000D918E6 /* Rdio.framework in Frameworks */ = {isa = PBXBuildFile; fileRef = 25B0779A1B20C1E000D918E6 /* Rdio.framework */; };
		25B8F04F1A97C627003094C0 /* AudioToolbox.framework in Frameworks */ = {isa = PBXBuildFile; fileRef = 25B8F04E1A97C627003094C0 /* AudioToolbox.framework */; };
		25B8F0511A97C62B003094C0 /* CFNetwork.framework in Frameworks */ = {isa = PBXBuildFile; fileRef = 25B8F0501A97C62B003094C0 /* CFNetwork.framework */; };
		25B8F0531A97C62F003094C0 /* CoreGraphics.framework in Frameworks */ = {isa = PBXBuildFile; fileRef = 25B8F0521A97C62F003094C0 /* CoreGraphics.framework */; };
		25B8F0551A97C633003094C0 /* CoreMedia.framework in Frameworks */ = {isa = PBXBuildFile; fileRef = 25B8F0541A97C633003094C0 /* CoreMedia.framework */; };
		25B8F0571A97C637003094C0 /* Security.framework in Frameworks */ = {isa = PBXBuildFile; fileRef = 25B8F0561A97C637003094C0 /* Security.framework */; };
		25B8F0591A97C63C003094C0 /* SystemConfiguration.framework in Frameworks */ = {isa = PBXBuildFile; fileRef = 25B8F0581A97C63C003094C0 /* SystemConfiguration.framework */; };
		25BD291E1AAFAAA100E6E36F /* Credentials.swift in Sources */ = {isa = PBXBuildFile; fileRef = 25BD291D1AAFAAA100E6E36F /* Credentials.swift */; };
		25D2E0111AB89AC900ACA4BE /* RPNavigationBar.swift in Sources */ = {isa = PBXBuildFile; fileRef = 25D2E00F1AB89AC900ACA4BE /* RPNavigationBar.swift */; };
		25D2E0121AB89AC900ACA4BE /* RPTabBar.swift in Sources */ = {isa = PBXBuildFile; fileRef = 25D2E0101AB89AC900ACA4BE /* RPTabBar.swift */; };
		25D437DD1AAE56E5001CFD6C /* ApplicationTabBarController.swift in Sources */ = {isa = PBXBuildFile; fileRef = 25D437DC1AAE56E5001CFD6C /* ApplicationTabBarController.swift */; };
		25D437DF1AAE5A8D001CFD6C /* UIApplication+Extensions.swift in Sources */ = {isa = PBXBuildFile; fileRef = 25D437DE1AAE5A8D001CFD6C /* UIApplication+Extensions.swift */; };
		597877C7C6D35F77B6B50A69 /* libPods.a in Frameworks */ = {isa = PBXBuildFile; fileRef = 1E03EAD0ECC1EE54FDE1DF69 /* libPods.a */; };
		A00233901AA03A5D0028CED2 /* rdioPartyLogo.png in Resources */ = {isa = PBXBuildFile; fileRef = A002338F1AA03A5D0028CED2 /* rdioPartyLogo.png */; };
		A00A292A1AA3E12400F18495 /* ChatUserSongActionCell.swift in Sources */ = {isa = PBXBuildFile; fileRef = A00A29281AA3E12400F18495 /* ChatUserSongActionCell.swift */; };
		A00A292B1AA3E12400F18495 /* ChatUserSongActionCell.xib in Resources */ = {isa = PBXBuildFile; fileRef = A00A29291AA3E12400F18495 /* ChatUserSongActionCell.xib */; };
		A01835841AABF28100E596B4 /* chats.png in Resources */ = {isa = PBXBuildFile; fileRef = A01835751AABF28100E596B4 /* chats.png */; };
		A01835851AABF28100E596B4 /* chats@2x.png in Resources */ = {isa = PBXBuildFile; fileRef = A01835761AABF28100E596B4 /* chats@2x.png */; };
		A01835861AABF28100E596B4 /* chats@3x.png in Resources */ = {isa = PBXBuildFile; fileRef = A01835771AABF28100E596B4 /* chats@3x.png */; };
		A01835871AABF28100E596B4 /* rdioPartyLogo.png in Resources */ = {isa = PBXBuildFile; fileRef = A01835781AABF28100E596B4 /* rdioPartyLogo.png */; };
		A01835881AABF28100E596B4 /* users_three_2@3x.png in Resources */ = {isa = PBXBuildFile; fileRef = A01835791AABF28100E596B4 /* users_three_2@3x.png */; };
		A01835891AABF28100E596B4 /* users_three.png in Resources */ = {isa = PBXBuildFile; fileRef = A018357A1AABF28100E596B4 /* users_three.png */; };
		A018358A1AABF28100E596B4 /* users_three@2x.png in Resources */ = {isa = PBXBuildFile; fileRef = A018357B1AABF28100E596B4 /* users_three@2x.png */; };
		A018358B1AABF28100E596B4 /* users_two.png in Resources */ = {isa = PBXBuildFile; fileRef = A018357C1AABF28100E596B4 /* users_two.png */; };
		A018358C1AABF28100E596B4 /* users_two@2x.png in Resources */ = {isa = PBXBuildFile; fileRef = A018357D1AABF28100E596B4 /* users_two@2x.png */; };
		A018358D1AABF28100E596B4 /* users_two@3x.png in Resources */ = {isa = PBXBuildFile; fileRef = A018357E1AABF28100E596B4 /* users_two@3x.png */; };
		A018358E1AABF28100E596B4 /* vol_loud.png in Resources */ = {isa = PBXBuildFile; fileRef = A018357F1AABF28100E596B4 /* vol_loud.png */; };
		A018358F1AABF28100E596B4 /* vol_loud@2x.png in Resources */ = {isa = PBXBuildFile; fileRef = A01835801AABF28100E596B4 /* vol_loud@2x.png */; };
		A01835901AABF28100E596B4 /* vol_loud@3x.png in Resources */ = {isa = PBXBuildFile; fileRef = A01835811AABF28100E596B4 /* vol_loud@3x.png */; };
		A018359D1AACE8F200E596B4 /* controls_pause.png in Resources */ = {isa = PBXBuildFile; fileRef = A01835971AACE8F200E596B4 /* controls_pause.png */; };
		A018359E1AACE8F200E596B4 /* controls_pause@2x.png in Resources */ = {isa = PBXBuildFile; fileRef = A01835981AACE8F200E596B4 /* controls_pause@2x.png */; };
		A018359F1AACE8F200E596B4 /* controls_pause@3x.png in Resources */ = {isa = PBXBuildFile; fileRef = A01835991AACE8F200E596B4 /* controls_pause@3x.png */; };
		A01835A01AACE8F200E596B4 /* controls_play.png in Resources */ = {isa = PBXBuildFile; fileRef = A018359A1AACE8F200E596B4 /* controls_play.png */; };
		A01835A11AACE8F200E596B4 /* controls_play@2x.png in Resources */ = {isa = PBXBuildFile; fileRef = A018359B1AACE8F200E596B4 /* controls_play@2x.png */; };
		A01835A21AACE8F200E596B4 /* controls_play@3x.png in Resources */ = {isa = PBXBuildFile; fileRef = A018359C1AACE8F200E596B4 /* controls_play@3x.png */; };
		A01835A51AACEBFC00E596B4 /* thumbs-down.png in Resources */ = {isa = PBXBuildFile; fileRef = A01835A31AACEBFC00E596B4 /* thumbs-down.png */; };
		A01835A61AACEBFC00E596B4 /* thumbs-up.png in Resources */ = {isa = PBXBuildFile; fileRef = A01835A41AACEBFC00E596B4 /* thumbs-up.png */; };
		A032A2191A9A993400EF5924 /* PeopleListViewController.swift in Sources */ = {isa = PBXBuildFile; fileRef = A032A2181A9A993400EF5924 /* PeopleListViewController.swift */; };
		A03540331AB546F500456ACB /* favorite.png in Resources */ = {isa = PBXBuildFile; fileRef = A03540321AB546F500456ACB /* favorite.png */; };
		A03B31F71A9985A600C7424F /* Session.swift in Sources */ = {isa = PBXBuildFile; fileRef = A03B31F61A9985A600C7424F /* Session.swift */; };
		A05249D21AAB86B100CA8D65 /* RPParallaxImageView.swift in Sources */ = {isa = PBXBuildFile; fileRef = A05249D11AAB86B100CA8D65 /* RPParallaxImageView.swift */; };
		A05249D41AABB8A900CA8D65 /* Utils.swift in Sources */ = {isa = PBXBuildFile; fileRef = A05249D31AABB8A900CA8D65 /* Utils.swift */; };
		A0582E951A9A565400C37188 /* RoomListViewController.swift in Sources */ = {isa = PBXBuildFile; fileRef = A0582E931A9A565400C37188 /* RoomListViewController.swift */; };
		A062BF001AA275BF00945407 /* Queue.swift in Sources */ = {isa = PBXBuildFile; fileRef = A062BEFF1AA275BF00945407 /* Queue.swift */; };
		A062BF021AA27A6000945407 /* QueueItemCellTableViewCell.swift in Sources */ = {isa = PBXBuildFile; fileRef = A062BF011AA27A6000945407 /* QueueItemCellTableViewCell.swift */; };
		A06931331A9A8AE200188118 /* libicucore.dylib in Frameworks */ = {isa = PBXBuildFile; fileRef = A06931321A9A8AE200188118 /* libicucore.dylib */; };
		A06931351A9A8AE900188118 /* libc++.dylib in Frameworks */ = {isa = PBXBuildFile; fileRef = A06931341A9A8AE900188118 /* libc++.dylib */; };
		A06D67231A9AB276005722D8 /* MediaPlayer.framework in Frameworks */ = {isa = PBXBuildFile; fileRef = A06D67221A9AB276005722D8 /* MediaPlayer.framework */; };
		A06D67251A9AB27D005722D8 /* QuartzCore.framework in Frameworks */ = {isa = PBXBuildFile; fileRef = A06D67241A9AB27D005722D8 /* QuartzCore.framework */; };
		A0828F7B1A9EE38700BFF409 /* RoomListTableViewCell.swift in Sources */ = {isa = PBXBuildFile; fileRef = A0828F791A9EE36800BFF409 /* RoomListTableViewCell.swift */; };
		A08FD7511AA4054100863929 /* ChatTrackChangedTableViewCell.swift in Sources */ = {isa = PBXBuildFile; fileRef = A08FD74F1AA4054100863929 /* ChatTrackChangedTableViewCell.swift */; };
		A08FD7521AA4054100863929 /* ChatTrackChangedTableViewCell.xib in Resources */ = {isa = PBXBuildFile; fileRef = A08FD7501AA4054100863929 /* ChatTrackChangedTableViewCell.xib */; };
		A0BE2ED61A997E620050FCE5 /* Room.swift in Sources */ = {isa = PBXBuildFile; fileRef = A0BE2ED51A997E620050FCE5 /* Room.swift */; };
		A0BE2ED91A997E750050FCE5 /* Person.swift in Sources */ = {isa = PBXBuildFile; fileRef = A0BE2ED81A997E750050FCE5 /* Person.swift */; };
		A0C409751AA3DA400021964B /* RdioSearchDelegate.swift in Sources */ = {isa = PBXBuildFile; fileRef = A0C409741AA3DA400021964B /* RdioSearchDelegate.swift */; };
		A0D649DF1AAD23F400AFC951 /* RPHud.swift in Sources */ = {isa = PBXBuildFile; fileRef = A0D649DE1AAD23F400AFC951 /* RPHud.swift */; };
		A0D649E41AAD363200AFC951 /* vol_loud.png in Resources */ = {isa = PBXBuildFile; fileRef = A0D649E01AAD363200AFC951 /* vol_loud.png */; };
		A0D649E51AAD363200AFC951 /* vol_medium.png in Resources */ = {isa = PBXBuildFile; fileRef = A0D649E11AAD363200AFC951 /* vol_medium.png */; };
		A0D649E61AAD363200AFC951 /* vol_mute.png in Resources */ = {isa = PBXBuildFile; fileRef = A0D649E21AAD363200AFC951 /* vol_mute.png */; };
		A0D649E71AAD363200AFC951 /* vol_quiet.png in Resources */ = {isa = PBXBuildFile; fileRef = A0D649E31AAD363200AFC951 /* vol_quiet.png */; };
		A0D649EC1AAD365200AFC951 /* vol_loud@2x.png in Resources */ = {isa = PBXBuildFile; fileRef = A0D649E81AAD365200AFC951 /* vol_loud@2x.png */; };
		A0D649ED1AAD365200AFC951 /* vol_medium@2x.png in Resources */ = {isa = PBXBuildFile; fileRef = A0D649E91AAD365200AFC951 /* vol_medium@2x.png */; };
		A0D649EE1AAD365200AFC951 /* vol_mute@2x.png in Resources */ = {isa = PBXBuildFile; fileRef = A0D649EA1AAD365200AFC951 /* vol_mute@2x.png */; };
		A0D649EF1AAD365200AFC951 /* vol_quiet@2x.png in Resources */ = {isa = PBXBuildFile; fileRef = A0D649EB1AAD365200AFC951 /* vol_quiet@2x.png */; };
		A0D649F41AAD368200AFC951 /* vol_loud@3x.png in Resources */ = {isa = PBXBuildFile; fileRef = A0D649F01AAD368200AFC951 /* vol_loud@3x.png */; };
		A0D649F51AAD368200AFC951 /* vol_medium@3x.png in Resources */ = {isa = PBXBuildFile; fileRef = A0D649F11AAD368200AFC951 /* vol_medium@3x.png */; };
		A0D649F61AAD368200AFC951 /* vol_mute@3x.png in Resources */ = {isa = PBXBuildFile; fileRef = A0D649F21AAD368200AFC951 /* vol_mute@3x.png */; };
		A0D649F71AAD368200AFC951 /* vol_quiet@3x.png in Resources */ = {isa = PBXBuildFile; fileRef = A0D649F31AAD368200AFC951 /* vol_quiet@3x.png */; };
		A0D93D411A9990A700F138DC /* RdioPlayerManager.swift in Sources */ = {isa = PBXBuildFile; fileRef = A0D93D401A9990A700F138DC /* RdioPlayerManager.swift */; };
		A0D93D431A99952600F138DC /* Message.swift in Sources */ = {isa = PBXBuildFile; fileRef = A0D93D421A99952600F138DC /* Message.swift */; };
		A0EDD91D1AA76F050000CE0C /* PartyPlayerManager.swift in Sources */ = {isa = PBXBuildFile; fileRef = A0EDD91C1AA76F050000CE0C /* PartyPlayerManager.swift */; };
		A0EFB7CE1A9F02580098542F /* ChatMessageTableViewCell.swift in Sources */ = {isa = PBXBuildFile; fileRef = A0EFB7CC1A9F02580098542F /* ChatMessageTableViewCell.swift */; };
		A0EFB7CF1A9F02580098542F /* ChatMessageTableViewCell.xib in Resources */ = {isa = PBXBuildFile; fileRef = A0EFB7CD1A9F02580098542F /* ChatMessageTableViewCell.xib */; };
		A0F3462D1AA04E35000D9EEA /* LoginViewController.swift in Sources */ = {isa = PBXBuildFile; fileRef = A0F3462B1AA04E35000D9EEA /* LoginViewController.swift */; };
		A0F3462E1AA04E35000D9EEA /* LoginViewController.xib in Resources */ = {isa = PBXBuildFile; fileRef = A0F3462C1AA04E35000D9EEA /* LoginViewController.xib */; };
		A0F346301AA256AE000D9EEA /* ChatMessageContentTextView.swift in Sources */ = {isa = PBXBuildFile; fileRef = A0F3462F1AA256AE000D9EEA /* ChatMessageContentTextView.swift */; };
		A0F346331AA26CEA000D9EEA /* vote-down.png in Resources */ = {isa = PBXBuildFile; fileRef = A0F346311AA26CEA000D9EEA /* vote-down.png */; };
		A0F346341AA26CEA000D9EEA /* vote-up.png in Resources */ = {isa = PBXBuildFile; fileRef = A0F346321AA26CEA000D9EEA /* vote-up.png */; };
		A0F6A36A1AA271A700FEAE77 /* Song.swift in Sources */ = {isa = PBXBuildFile; fileRef = A0F6A3691AA271A700FEAE77 /* Song.swift */; };
		A0F7CDEB1ABD10BF00FF8700 /* NSDate+Extensions.swift in Sources */ = {isa = PBXBuildFile; fileRef = A0F7CDEA1ABD10BF00FF8700 /* NSDate+Extensions.swift */; };
		A0FCE8A31AA3808C00FB1310 /* CutOutView.swift in Sources */ = {isa = PBXBuildFile; fileRef = A0FCE8A21AA3808C00FB1310 /* CutOutView.swift */; };
/* End PBXBuildFile section */

/* Begin PBXFileReference section */
		1E03EAD0ECC1EE54FDE1DF69 /* libPods.a */ = {isa = PBXFileReference; explicitFileType = archive.ar; includeInIndex = 0; path = libPods.a; sourceTree = BUILT_PRODUCTS_DIR; };
		250971521AAA87B300AE35A7 /* PlayerHeaderTableViewCell.swift */ = {isa = PBXFileReference; fileEncoding = 4; lastKnownFileType = sourcecode.swift; path = PlayerHeaderTableViewCell.swift; sourceTree = "<group>"; };
		259015741AB267C30027E95A /* PersonListTableViewCell.swift */ = {isa = PBXFileReference; fileEncoding = 4; lastKnownFileType = sourcecode.swift; path = PersonListTableViewCell.swift; sourceTree = "<group>"; };
		259015751AB267C30027E95A /* PersonListTableViewCell.xib */ = {isa = PBXFileReference; fileEncoding = 4; lastKnownFileType = file.xib; path = PersonListTableViewCell.xib; sourceTree = "<group>"; };
		2591240C1A96C629003B30C5 /* RdioParty.app */ = {isa = PBXFileReference; explicitFileType = wrapper.application; includeInIndex = 0; path = RdioParty.app; sourceTree = BUILT_PRODUCTS_DIR; };
		259124101A96C629003B30C5 /* Info.plist */ = {isa = PBXFileReference; lastKnownFileType = text.plist.xml; path = Info.plist; sourceTree = "<group>"; };
		259124111A96C629003B30C5 /* AppDelegate.swift */ = {isa = PBXFileReference; lastKnownFileType = sourcecode.swift; path = AppDelegate.swift; sourceTree = "<group>"; };
		259124131A96C629003B30C5 /* ChatViewController.swift */ = {isa = PBXFileReference; lastKnownFileType = sourcecode.swift; path = ChatViewController.swift; sourceTree = "<group>"; };
		259124151A96C629003B30C5 /* QueueViewController.swift */ = {isa = PBXFileReference; lastKnownFileType = sourcecode.swift; path = QueueViewController.swift; sourceTree = "<group>"; };
		259124181A96C629003B30C5 /* Base */ = {isa = PBXFileReference; lastKnownFileType = file.storyboard; name = Base; path = Base.lproj/Main.storyboard; sourceTree = "<group>"; };
		2591241A1A96C629003B30C5 /* Images.xcassets */ = {isa = PBXFileReference; lastKnownFileType = folder.assetcatalog; path = Images.xcassets; sourceTree = "<group>"; };
		2591241D1A96C629003B30C5 /* Base */ = {isa = PBXFileReference; lastKnownFileType = file.xib; name = Base; path = Base.lproj/LaunchScreen.xib; sourceTree = "<group>"; };
		259124281A96C629003B30C5 /* Info.plist */ = {isa = PBXFileReference; lastKnownFileType = text.plist.xml; path = Info.plist; sourceTree = "<group>"; };
		259124291A96C629003B30C5 /* RdioPartyTests.swift */ = {isa = PBXFileReference; lastKnownFileType = sourcecode.swift; path = RdioPartyTests.swift; sourceTree = "<group>"; };
		25B0779A1B20C1E000D918E6 /* Rdio.framework */ = {isa = PBXFileReference; lastKnownFileType = wrapper.framework; name = Rdio.framework; path = Frameworks/Rdio.framework; sourceTree = "<group>"; };
		25B8F04E1A97C627003094C0 /* AudioToolbox.framework */ = {isa = PBXFileReference; lastKnownFileType = wrapper.framework; name = AudioToolbox.framework; path = System/Library/Frameworks/AudioToolbox.framework; sourceTree = SDKROOT; };
		25B8F0501A97C62B003094C0 /* CFNetwork.framework */ = {isa = PBXFileReference; lastKnownFileType = wrapper.framework; name = CFNetwork.framework; path = System/Library/Frameworks/CFNetwork.framework; sourceTree = SDKROOT; };
		25B8F0521A97C62F003094C0 /* CoreGraphics.framework */ = {isa = PBXFileReference; lastKnownFileType = wrapper.framework; name = CoreGraphics.framework; path = System/Library/Frameworks/CoreGraphics.framework; sourceTree = SDKROOT; };
		25B8F0541A97C633003094C0 /* CoreMedia.framework */ = {isa = PBXFileReference; lastKnownFileType = wrapper.framework; name = CoreMedia.framework; path = System/Library/Frameworks/CoreMedia.framework; sourceTree = SDKROOT; };
		25B8F0561A97C637003094C0 /* Security.framework */ = {isa = PBXFileReference; lastKnownFileType = wrapper.framework; name = Security.framework; path = System/Library/Frameworks/Security.framework; sourceTree = SDKROOT; };
		25B8F0581A97C63C003094C0 /* SystemConfiguration.framework */ = {isa = PBXFileReference; lastKnownFileType = wrapper.framework; name = SystemConfiguration.framework; path = System/Library/Frameworks/SystemConfiguration.framework; sourceTree = SDKROOT; };
		25BD291D1AAFAAA100E6E36F /* Credentials.swift */ = {isa = PBXFileReference; fileEncoding = 4; lastKnownFileType = sourcecode.swift; path = Credentials.swift; sourceTree = "<group>"; };
		25D2E00F1AB89AC900ACA4BE /* RPNavigationBar.swift */ = {isa = PBXFileReference; fileEncoding = 4; lastKnownFileType = sourcecode.swift; path = RPNavigationBar.swift; sourceTree = "<group>"; };
		25D2E0101AB89AC900ACA4BE /* RPTabBar.swift */ = {isa = PBXFileReference; fileEncoding = 4; lastKnownFileType = sourcecode.swift; path = RPTabBar.swift; sourceTree = "<group>"; };
		25D437DC1AAE56E5001CFD6C /* ApplicationTabBarController.swift */ = {isa = PBXFileReference; fileEncoding = 4; lastKnownFileType = sourcecode.swift; path = ApplicationTabBarController.swift; sourceTree = "<group>"; };
		25D437DE1AAE5A8D001CFD6C /* UIApplication+Extensions.swift */ = {isa = PBXFileReference; fileEncoding = 4; lastKnownFileType = sourcecode.swift; path = "UIApplication+Extensions.swift"; sourceTree = "<group>"; };
		A002338F1AA03A5D0028CED2 /* rdioPartyLogo.png */ = {isa = PBXFileReference; lastKnownFileType = image.png; path = rdioPartyLogo.png; sourceTree = "<group>"; };
		A00A29281AA3E12400F18495 /* ChatUserSongActionCell.swift */ = {isa = PBXFileReference; fileEncoding = 4; lastKnownFileType = sourcecode.swift; path = ChatUserSongActionCell.swift; sourceTree = "<group>"; };
		A00A29291AA3E12400F18495 /* ChatUserSongActionCell.xib */ = {isa = PBXFileReference; fileEncoding = 4; lastKnownFileType = file.xib; path = ChatUserSongActionCell.xib; sourceTree = "<group>"; };
		A01835751AABF28100E596B4 /* chats.png */ = {isa = PBXFileReference; lastKnownFileType = image.png; path = chats.png; sourceTree = "<group>"; };
		A01835761AABF28100E596B4 /* chats@2x.png */ = {isa = PBXFileReference; lastKnownFileType = image.png; path = "chats@2x.png"; sourceTree = "<group>"; };
		A01835771AABF28100E596B4 /* chats@3x.png */ = {isa = PBXFileReference; lastKnownFileType = image.png; path = "chats@3x.png"; sourceTree = "<group>"; };
		A01835781AABF28100E596B4 /* rdioPartyLogo.png */ = {isa = PBXFileReference; lastKnownFileType = image.png; path = rdioPartyLogo.png; sourceTree = "<group>"; };
		A01835791AABF28100E596B4 /* users_three_2@3x.png */ = {isa = PBXFileReference; lastKnownFileType = image.png; path = "users_three_2@3x.png"; sourceTree = "<group>"; };
		A018357A1AABF28100E596B4 /* users_three.png */ = {isa = PBXFileReference; lastKnownFileType = image.png; path = users_three.png; sourceTree = "<group>"; };
		A018357B1AABF28100E596B4 /* users_three@2x.png */ = {isa = PBXFileReference; lastKnownFileType = image.png; path = "users_three@2x.png"; sourceTree = "<group>"; };
		A018357C1AABF28100E596B4 /* users_two.png */ = {isa = PBXFileReference; lastKnownFileType = image.png; path = users_two.png; sourceTree = "<group>"; };
		A018357D1AABF28100E596B4 /* users_two@2x.png */ = {isa = PBXFileReference; lastKnownFileType = image.png; path = "users_two@2x.png"; sourceTree = "<group>"; };
		A018357E1AABF28100E596B4 /* users_two@3x.png */ = {isa = PBXFileReference; lastKnownFileType = image.png; path = "users_two@3x.png"; sourceTree = "<group>"; };
		A018357F1AABF28100E596B4 /* vol_loud.png */ = {isa = PBXFileReference; lastKnownFileType = image.png; path = vol_loud.png; sourceTree = "<group>"; };
		A01835801AABF28100E596B4 /* vol_loud@2x.png */ = {isa = PBXFileReference; lastKnownFileType = image.png; path = "vol_loud@2x.png"; sourceTree = "<group>"; };
		A01835811AABF28100E596B4 /* vol_loud@3x.png */ = {isa = PBXFileReference; lastKnownFileType = image.png; path = "vol_loud@3x.png"; sourceTree = "<group>"; };
		A01835971AACE8F200E596B4 /* controls_pause.png */ = {isa = PBXFileReference; lastKnownFileType = image.png; path = controls_pause.png; sourceTree = "<group>"; };
		A01835981AACE8F200E596B4 /* controls_pause@2x.png */ = {isa = PBXFileReference; lastKnownFileType = image.png; path = "controls_pause@2x.png"; sourceTree = "<group>"; };
		A01835991AACE8F200E596B4 /* controls_pause@3x.png */ = {isa = PBXFileReference; lastKnownFileType = image.png; path = "controls_pause@3x.png"; sourceTree = "<group>"; };
		A018359A1AACE8F200E596B4 /* controls_play.png */ = {isa = PBXFileReference; lastKnownFileType = image.png; path = controls_play.png; sourceTree = "<group>"; };
		A018359B1AACE8F200E596B4 /* controls_play@2x.png */ = {isa = PBXFileReference; lastKnownFileType = image.png; path = "controls_play@2x.png"; sourceTree = "<group>"; };
		A018359C1AACE8F200E596B4 /* controls_play@3x.png */ = {isa = PBXFileReference; lastKnownFileType = image.png; path = "controls_play@3x.png"; sourceTree = "<group>"; };
		A01835A31AACEBFC00E596B4 /* thumbs-down.png */ = {isa = PBXFileReference; lastKnownFileType = image.png; path = "thumbs-down.png"; sourceTree = "<group>"; };
		A01835A41AACEBFC00E596B4 /* thumbs-up.png */ = {isa = PBXFileReference; lastKnownFileType = image.png; path = "thumbs-up.png"; sourceTree = "<group>"; };
		A032A2181A9A993400EF5924 /* PeopleListViewController.swift */ = {isa = PBXFileReference; fileEncoding = 4; lastKnownFileType = sourcecode.swift; path = PeopleListViewController.swift; sourceTree = "<group>"; };
		A03540321AB546F500456ACB /* favorite.png */ = {isa = PBXFileReference; lastKnownFileType = image.png; path = favorite.png; sourceTree = "<group>"; };
		A03B31F61A9985A600C7424F /* Session.swift */ = {isa = PBXFileReference; fileEncoding = 4; lastKnownFileType = sourcecode.swift; path = Session.swift; sourceTree = "<group>"; };
		A05249D11AAB86B100CA8D65 /* RPParallaxImageView.swift */ = {isa = PBXFileReference; fileEncoding = 4; lastKnownFileType = sourcecode.swift; path = RPParallaxImageView.swift; sourceTree = "<group>"; };
		A05249D31AABB8A900CA8D65 /* Utils.swift */ = {isa = PBXFileReference; fileEncoding = 4; lastKnownFileType = sourcecode.swift; path = Utils.swift; sourceTree = "<group>"; };
		A0582E931A9A565400C37188 /* RoomListViewController.swift */ = {isa = PBXFileReference; fileEncoding = 4; lastKnownFileType = sourcecode.swift; path = RoomListViewController.swift; sourceTree = "<group>"; };
		A062BEFF1AA275BF00945407 /* Queue.swift */ = {isa = PBXFileReference; fileEncoding = 4; lastKnownFileType = sourcecode.swift; path = Queue.swift; sourceTree = "<group>"; };
		A062BF011AA27A6000945407 /* QueueItemCellTableViewCell.swift */ = {isa = PBXFileReference; fileEncoding = 4; lastKnownFileType = sourcecode.swift; path = QueueItemCellTableViewCell.swift; sourceTree = "<group>"; };
		A06931321A9A8AE200188118 /* libicucore.dylib */ = {isa = PBXFileReference; lastKnownFileType = "compiled.mach-o.dylib"; name = libicucore.dylib; path = usr/lib/libicucore.dylib; sourceTree = SDKROOT; };
		A06931341A9A8AE900188118 /* libc++.dylib */ = {isa = PBXFileReference; lastKnownFileType = "compiled.mach-o.dylib"; name = "libc++.dylib"; path = "usr/lib/libc++.dylib"; sourceTree = SDKROOT; };
		A06D67221A9AB276005722D8 /* MediaPlayer.framework */ = {isa = PBXFileReference; lastKnownFileType = wrapper.framework; name = MediaPlayer.framework; path = System/Library/Frameworks/MediaPlayer.framework; sourceTree = SDKROOT; };
		A06D67241A9AB27D005722D8 /* QuartzCore.framework */ = {isa = PBXFileReference; lastKnownFileType = wrapper.framework; name = QuartzCore.framework; path = System/Library/Frameworks/QuartzCore.framework; sourceTree = SDKROOT; };
		A06D672B1A9AB388005722D8 /* RdioParty-Bridging-Header.h */ = {isa = PBXFileReference; lastKnownFileType = sourcecode.c.h; path = "RdioParty-Bridging-Header.h"; sourceTree = "<group>"; };
		A0828F791A9EE36800BFF409 /* RoomListTableViewCell.swift */ = {isa = PBXFileReference; fileEncoding = 4; lastKnownFileType = sourcecode.swift; path = RoomListTableViewCell.swift; sourceTree = "<group>"; };
		A08FD74F1AA4054100863929 /* ChatTrackChangedTableViewCell.swift */ = {isa = PBXFileReference; fileEncoding = 4; lastKnownFileType = sourcecode.swift; path = ChatTrackChangedTableViewCell.swift; sourceTree = "<group>"; };
		A08FD7501AA4054100863929 /* ChatTrackChangedTableViewCell.xib */ = {isa = PBXFileReference; fileEncoding = 4; lastKnownFileType = file.xib; path = ChatTrackChangedTableViewCell.xib; sourceTree = "<group>"; };
		A0BE2ED51A997E620050FCE5 /* Room.swift */ = {isa = PBXFileReference; fileEncoding = 4; lastKnownFileType = sourcecode.swift; path = Room.swift; sourceTree = "<group>"; };
		A0BE2ED81A997E750050FCE5 /* Person.swift */ = {isa = PBXFileReference; fileEncoding = 4; lastKnownFileType = sourcecode.swift; path = Person.swift; sourceTree = "<group>"; };
		A0C409741AA3DA400021964B /* RdioSearchDelegate.swift */ = {isa = PBXFileReference; fileEncoding = 4; lastKnownFileType = sourcecode.swift; path = RdioSearchDelegate.swift; sourceTree = "<group>"; };
		A0D649DE1AAD23F400AFC951 /* RPHud.swift */ = {isa = PBXFileReference; fileEncoding = 4; lastKnownFileType = sourcecode.swift; path = RPHud.swift; sourceTree = "<group>"; };
		A0D649E01AAD363200AFC951 /* vol_loud.png */ = {isa = PBXFileReference; lastKnownFileType = image.png; path = vol_loud.png; sourceTree = "<group>"; };
		A0D649E11AAD363200AFC951 /* vol_medium.png */ = {isa = PBXFileReference; lastKnownFileType = image.png; path = vol_medium.png; sourceTree = "<group>"; };
		A0D649E21AAD363200AFC951 /* vol_mute.png */ = {isa = PBXFileReference; lastKnownFileType = image.png; path = vol_mute.png; sourceTree = "<group>"; };
		A0D649E31AAD363200AFC951 /* vol_quiet.png */ = {isa = PBXFileReference; lastKnownFileType = image.png; path = vol_quiet.png; sourceTree = "<group>"; };
		A0D649E81AAD365200AFC951 /* vol_loud@2x.png */ = {isa = PBXFileReference; lastKnownFileType = image.png; path = "vol_loud@2x.png"; sourceTree = "<group>"; };
		A0D649E91AAD365200AFC951 /* vol_medium@2x.png */ = {isa = PBXFileReference; lastKnownFileType = image.png; path = "vol_medium@2x.png"; sourceTree = "<group>"; };
		A0D649EA1AAD365200AFC951 /* vol_mute@2x.png */ = {isa = PBXFileReference; lastKnownFileType = image.png; path = "vol_mute@2x.png"; sourceTree = "<group>"; };
		A0D649EB1AAD365200AFC951 /* vol_quiet@2x.png */ = {isa = PBXFileReference; lastKnownFileType = image.png; path = "vol_quiet@2x.png"; sourceTree = "<group>"; };
		A0D649F01AAD368200AFC951 /* vol_loud@3x.png */ = {isa = PBXFileReference; lastKnownFileType = image.png; path = "vol_loud@3x.png"; sourceTree = "<group>"; };
		A0D649F11AAD368200AFC951 /* vol_medium@3x.png */ = {isa = PBXFileReference; lastKnownFileType = image.png; path = "vol_medium@3x.png"; sourceTree = "<group>"; };
		A0D649F21AAD368200AFC951 /* vol_mute@3x.png */ = {isa = PBXFileReference; lastKnownFileType = image.png; path = "vol_mute@3x.png"; sourceTree = "<group>"; };
		A0D649F31AAD368200AFC951 /* vol_quiet@3x.png */ = {isa = PBXFileReference; lastKnownFileType = image.png; path = "vol_quiet@3x.png"; sourceTree = "<group>"; };
		A0D93D401A9990A700F138DC /* RdioPlayerManager.swift */ = {isa = PBXFileReference; fileEncoding = 4; lastKnownFileType = sourcecode.swift; path = RdioPlayerManager.swift; sourceTree = "<group>"; };
		A0D93D421A99952600F138DC /* Message.swift */ = {isa = PBXFileReference; fileEncoding = 4; lastKnownFileType = sourcecode.swift; path = Message.swift; sourceTree = "<group>"; };
		A0EDD91C1AA76F050000CE0C /* PartyPlayerManager.swift */ = {isa = PBXFileReference; fileEncoding = 4; lastKnownFileType = sourcecode.swift; path = PartyPlayerManager.swift; sourceTree = "<group>"; };
		A0EFB7CC1A9F02580098542F /* ChatMessageTableViewCell.swift */ = {isa = PBXFileReference; fileEncoding = 4; lastKnownFileType = sourcecode.swift; path = ChatMessageTableViewCell.swift; sourceTree = "<group>"; };
		A0EFB7CD1A9F02580098542F /* ChatMessageTableViewCell.xib */ = {isa = PBXFileReference; fileEncoding = 4; lastKnownFileType = file.xib; path = ChatMessageTableViewCell.xib; sourceTree = "<group>"; };
		A0F3462B1AA04E35000D9EEA /* LoginViewController.swift */ = {isa = PBXFileReference; fileEncoding = 4; lastKnownFileType = sourcecode.swift; path = LoginViewController.swift; sourceTree = "<group>"; };
		A0F3462C1AA04E35000D9EEA /* LoginViewController.xib */ = {isa = PBXFileReference; fileEncoding = 4; lastKnownFileType = file.xib; path = LoginViewController.xib; sourceTree = "<group>"; };
		A0F3462F1AA256AE000D9EEA /* ChatMessageContentTextView.swift */ = {isa = PBXFileReference; fileEncoding = 4; lastKnownFileType = sourcecode.swift; path = ChatMessageContentTextView.swift; sourceTree = "<group>"; };
		A0F346311AA26CEA000D9EEA /* vote-down.png */ = {isa = PBXFileReference; lastKnownFileType = image.png; path = "vote-down.png"; sourceTree = "<group>"; };
		A0F346321AA26CEA000D9EEA /* vote-up.png */ = {isa = PBXFileReference; lastKnownFileType = image.png; path = "vote-up.png"; sourceTree = "<group>"; };
		A0F6A3691AA271A700FEAE77 /* Song.swift */ = {isa = PBXFileReference; fileEncoding = 4; lastKnownFileType = sourcecode.swift; path = Song.swift; sourceTree = "<group>"; };
		A0F7CDEA1ABD10BF00FF8700 /* NSDate+Extensions.swift */ = {isa = PBXFileReference; fileEncoding = 4; lastKnownFileType = sourcecode.swift; path = "NSDate+Extensions.swift"; sourceTree = "<group>"; };
		A0FCE8A21AA3808C00FB1310 /* CutOutView.swift */ = {isa = PBXFileReference; fileEncoding = 4; lastKnownFileType = sourcecode.swift; path = CutOutView.swift; sourceTree = "<group>"; };
		E8D34639FC618A3ED3270E20 /* Pods.debug.xcconfig */ = {isa = PBXFileReference; includeInIndex = 1; lastKnownFileType = text.xcconfig; name = Pods.debug.xcconfig; path = "Pods/Target Support Files/Pods/Pods.debug.xcconfig"; sourceTree = "<group>"; };
		E9894EF30424D4A5ACC7CE16 /* Pods.release.xcconfig */ = {isa = PBXFileReference; includeInIndex = 1; lastKnownFileType = text.xcconfig; name = Pods.release.xcconfig; path = "Pods/Target Support Files/Pods/Pods.release.xcconfig"; sourceTree = "<group>"; };
/* End PBXFileReference section */

/* Begin PBXFrameworksBuildPhase section */
		259124091A96C629003B30C5 /* Frameworks */ = {
			isa = PBXFrameworksBuildPhase;
			buildActionMask = 2147483647;
			files = (
				A06D67251A9AB27D005722D8 /* QuartzCore.framework in Frameworks */,
				A06D67231A9AB276005722D8 /* MediaPlayer.framework in Frameworks */,
				A06931351A9A8AE900188118 /* libc++.dylib in Frameworks */,
				A06931331A9A8AE200188118 /* libicucore.dylib in Frameworks */,
				25B8F0591A97C63C003094C0 /* SystemConfiguration.framework in Frameworks */,
				25B8F0571A97C637003094C0 /* Security.framework in Frameworks */,
				25B8F0551A97C633003094C0 /* CoreMedia.framework in Frameworks */,
				25B8F0531A97C62F003094C0 /* CoreGraphics.framework in Frameworks */,
				25B0779B1B20C1E000D918E6 /* Rdio.framework in Frameworks */,
				25B8F0511A97C62B003094C0 /* CFNetwork.framework in Frameworks */,
				25B8F04F1A97C627003094C0 /* AudioToolbox.framework in Frameworks */,
				597877C7C6D35F77B6B50A69 /* libPods.a in Frameworks */,
			);
			runOnlyForDeploymentPostprocessing = 0;
		};
/* End PBXFrameworksBuildPhase section */

/* Begin PBXGroup section */
		259124031A96C629003B30C5 = {
			isa = PBXGroup;
			children = (
				2591240E1A96C629003B30C5 /* RdioParty */,
				259124261A96C629003B30C5 /* RdioPartyTests */,
				2591240D1A96C629003B30C5 /* Products */,
				9D1EA5E8FF59415DA9029AE6 /* Pods */,
				73171983C05ECBF97D50C041 /* Frameworks */,
			);
			sourceTree = "<group>";
		};
		2591240D1A96C629003B30C5 /* Products */ = {
			isa = PBXGroup;
			children = (
				2591240C1A96C629003B30C5 /* RdioParty.app */,
			);
			name = Products;
			sourceTree = "<group>";
		};
		2591240E1A96C629003B30C5 /* RdioParty */ = {
			isa = PBXGroup;
			children = (
				25BD291D1AAFAAA100E6E36F /* Credentials.swift */,
				A01835A71AACF56300E596B4 /* Extensions */,
				A002338E1AA03A5D0028CED2 /* Resources */,
				A04431C01A9D758D003A5E69 /* Views */,
				A06D672B1A9AB388005722D8 /* RdioParty-Bridging-Header.h */,
				A0582E921A9A55A600C37188 /* ViewControllers */,
				A0BE2ED41A997E1D0050FCE5 /* Objects */,
				259124111A96C629003B30C5 /* AppDelegate.swift */,
				259124171A96C629003B30C5 /* Main.storyboard */,
				2591241A1A96C629003B30C5 /* Images.xcassets */,
				2591241C1A96C629003B30C5 /* LaunchScreen.xib */,
				2591240F1A96C629003B30C5 /* Supporting Files */,
			);
			path = RdioParty;
			sourceTree = "<group>";
		};
		2591240F1A96C629003B30C5 /* Supporting Files */ = {
			isa = PBXGroup;
			children = (
				259124101A96C629003B30C5 /* Info.plist */,
			);
			name = "Supporting Files";
			sourceTree = "<group>";
		};
		259124261A96C629003B30C5 /* RdioPartyTests */ = {
			isa = PBXGroup;
			children = (
				259124291A96C629003B30C5 /* RdioPartyTests.swift */,
				259124271A96C629003B30C5 /* Supporting Files */,
			);
			path = RdioPartyTests;
			sourceTree = "<group>";
		};
		259124271A96C629003B30C5 /* Supporting Files */ = {
			isa = PBXGroup;
			children = (
				259124281A96C629003B30C5 /* Info.plist */,
			);
			name = "Supporting Files";
			sourceTree = "<group>";
		};
		73171983C05ECBF97D50C041 /* Frameworks */ = {
			isa = PBXGroup;
			children = (
				25B0779A1B20C1E000D918E6 /* Rdio.framework */,
				A06D67241A9AB27D005722D8 /* QuartzCore.framework */,
				A06D67221A9AB276005722D8 /* MediaPlayer.framework */,
				A06931341A9A8AE900188118 /* libc++.dylib */,
				A06931321A9A8AE200188118 /* libicucore.dylib */,
				25B8F0581A97C63C003094C0 /* SystemConfiguration.framework */,
				25B8F0561A97C637003094C0 /* Security.framework */,
				25B8F0541A97C633003094C0 /* CoreMedia.framework */,
				25B8F0521A97C62F003094C0 /* CoreGraphics.framework */,
				25B8F0501A97C62B003094C0 /* CFNetwork.framework */,
				25B8F04E1A97C627003094C0 /* AudioToolbox.framework */,
				1E03EAD0ECC1EE54FDE1DF69 /* libPods.a */,
			);
			name = Frameworks;
			sourceTree = "<group>";
		};
		9D1EA5E8FF59415DA9029AE6 /* Pods */ = {
			isa = PBXGroup;
			children = (
				E8D34639FC618A3ED3270E20 /* Pods.debug.xcconfig */,
				E9894EF30424D4A5ACC7CE16 /* Pods.release.xcconfig */,
			);
			name = Pods;
			sourceTree = "<group>";
		};
		A002338E1AA03A5D0028CED2 /* Resources */ = {
			isa = PBXGroup;
			children = (
				A03540321AB546F500456ACB /* favorite.png */,
				A0D649F01AAD368200AFC951 /* vol_loud@3x.png */,
				A0D649F11AAD368200AFC951 /* vol_medium@3x.png */,
				A0D649F21AAD368200AFC951 /* vol_mute@3x.png */,
				A0D649F31AAD368200AFC951 /* vol_quiet@3x.png */,
				A0D649E81AAD365200AFC951 /* vol_loud@2x.png */,
				A0D649E91AAD365200AFC951 /* vol_medium@2x.png */,
				A0D649EA1AAD365200AFC951 /* vol_mute@2x.png */,
				A0D649EB1AAD365200AFC951 /* vol_quiet@2x.png */,
				A0D649E01AAD363200AFC951 /* vol_loud.png */,
				A0D649E11AAD363200AFC951 /* vol_medium.png */,
				A0D649E21AAD363200AFC951 /* vol_mute.png */,
				A0D649E31AAD363200AFC951 /* vol_quiet.png */,
				A01835A31AACEBFC00E596B4 /* thumbs-down.png */,
				A01835A41AACEBFC00E596B4 /* thumbs-up.png */,
				A01835971AACE8F200E596B4 /* controls_pause.png */,
				A01835981AACE8F200E596B4 /* controls_pause@2x.png */,
				A01835991AACE8F200E596B4 /* controls_pause@3x.png */,
				A018359A1AACE8F200E596B4 /* controls_play.png */,
				A018359B1AACE8F200E596B4 /* controls_play@2x.png */,
				A018359C1AACE8F200E596B4 /* controls_play@3x.png */,
				A01835751AABF28100E596B4 /* chats.png */,
				A01835761AABF28100E596B4 /* chats@2x.png */,
				A01835771AABF28100E596B4 /* chats@3x.png */,
				A01835781AABF28100E596B4 /* rdioPartyLogo.png */,
				A01835791AABF28100E596B4 /* users_three_2@3x.png */,
				A018357A1AABF28100E596B4 /* users_three.png */,
				A018357B1AABF28100E596B4 /* users_three@2x.png */,
				A018357C1AABF28100E596B4 /* users_two.png */,
				A018357D1AABF28100E596B4 /* users_two@2x.png */,
				A018357E1AABF28100E596B4 /* users_two@3x.png */,
				A018357F1AABF28100E596B4 /* vol_loud.png */,
				A01835801AABF28100E596B4 /* vol_loud@2x.png */,
				A01835811AABF28100E596B4 /* vol_loud@3x.png */,
				A0F346311AA26CEA000D9EEA /* vote-down.png */,
				A0F346321AA26CEA000D9EEA /* vote-up.png */,
				A002338F1AA03A5D0028CED2 /* rdioPartyLogo.png */,
			);
			path = Resources;
			sourceTree = "<group>";
		};
		A01835A71AACF56300E596B4 /* Extensions */ = {
			isa = PBXGroup;
			children = (
				25D437DE1AAE5A8D001CFD6C /* UIApplication+Extensions.swift */,
				A0F7CDEA1ABD10BF00FF8700 /* NSDate+Extensions.swift */,
			);
			path = Extensions;
			sourceTree = "<group>";
		};
		A04431C01A9D758D003A5E69 /* Views */ = {
			isa = PBXGroup;
			children = (
				25D2E00F1AB89AC900ACA4BE /* RPNavigationBar.swift */,
				25D2E0101AB89AC900ACA4BE /* RPTabBar.swift */,
				A0828F791A9EE36800BFF409 /* RoomListTableViewCell.swift */,
				A0EFB7CC1A9F02580098542F /* ChatMessageTableViewCell.swift */,
				A0EFB7CD1A9F02580098542F /* ChatMessageTableViewCell.xib */,
				A0F3462F1AA256AE000D9EEA /* ChatMessageContentTextView.swift */,
				A062BF011AA27A6000945407 /* QueueItemCellTableViewCell.swift */,
				A0FCE8A21AA3808C00FB1310 /* CutOutView.swift */,
				A00A29281AA3E12400F18495 /* ChatUserSongActionCell.swift */,
				A00A29291AA3E12400F18495 /* ChatUserSongActionCell.xib */,
				A08FD74F1AA4054100863929 /* ChatTrackChangedTableViewCell.swift */,
				A08FD7501AA4054100863929 /* ChatTrackChangedTableViewCell.xib */,
				250971521AAA87B300AE35A7 /* PlayerHeaderTableViewCell.swift */,
				A05249D11AAB86B100CA8D65 /* RPParallaxImageView.swift */,
				A0D649DE1AAD23F400AFC951 /* RPHud.swift */,
				259015741AB267C30027E95A /* PersonListTableViewCell.swift */,
				259015751AB267C30027E95A /* PersonListTableViewCell.xib */,
			);
			path = Views;
			sourceTree = "<group>";
		};
		A0582E921A9A55A600C37188 /* ViewControllers */ = {
			isa = PBXGroup;
			children = (
				259124151A96C629003B30C5 /* QueueViewController.swift */,
				259124131A96C629003B30C5 /* ChatViewController.swift */,
				A0582E931A9A565400C37188 /* RoomListViewController.swift */,
				A032A2181A9A993400EF5924 /* PeopleListViewController.swift */,
				A0F3462B1AA04E35000D9EEA /* LoginViewController.swift */,
				A0F3462C1AA04E35000D9EEA /* LoginViewController.xib */,
				25D437DC1AAE56E5001CFD6C /* ApplicationTabBarController.swift */,
			);
			name = ViewControllers;
			path = "View Controllers";
			sourceTree = "<group>";
		};
		A0BE2ED41A997E1D0050FCE5 /* Objects */ = {
			isa = PBXGroup;
			children = (
				A0BE2ED51A997E620050FCE5 /* Room.swift */,
				A0BE2ED81A997E750050FCE5 /* Person.swift */,
				A03B31F61A9985A600C7424F /* Session.swift */,
				A0D93D401A9990A700F138DC /* RdioPlayerManager.swift */,
				A0D93D421A99952600F138DC /* Message.swift */,
				A0F6A3691AA271A700FEAE77 /* Song.swift */,
				A062BEFF1AA275BF00945407 /* Queue.swift */,
				A0C409741AA3DA400021964B /* RdioSearchDelegate.swift */,
				A0EDD91C1AA76F050000CE0C /* PartyPlayerManager.swift */,
				A05249D31AABB8A900CA8D65 /* Utils.swift */,
			);
			path = Objects;
			sourceTree = "<group>";
		};
/* End PBXGroup section */

/* Begin PBXNativeTarget section */
		2591240B1A96C629003B30C5 /* RdioParty */ = {
			isa = PBXNativeTarget;
			buildConfigurationList = 2591242D1A96C629003B30C5 /* Build configuration list for PBXNativeTarget "RdioParty" */;
			buildPhases = (
				E7B96F03D2ACEE195062C9A1 /* Check Pods Manifest.lock */,
				259124081A96C629003B30C5 /* Sources */,
				259124091A96C629003B30C5 /* Frameworks */,
				2591240A1A96C629003B30C5 /* Resources */,
				AD8700BB555233D088191565 /* Copy Pods Resources */,
			);
			buildRules = (
			);
			dependencies = (
			);
			name = RdioParty;
			productName = RdioParty;
			productReference = 2591240C1A96C629003B30C5 /* RdioParty.app */;
			productType = "com.apple.product-type.application";
		};
/* End PBXNativeTarget section */

/* Begin PBXProject section */
		259124041A96C629003B30C5 /* Project object */ = {
			isa = PBXProject;
			attributes = {
				LastUpgradeCheck = 0630;
				ORGANIZATIONNAME = Rdio;
				TargetAttributes = {
					2591240B1A96C629003B30C5 = {
						CreatedOnToolsVersion = 6.3;
						SystemCapabilities = {
							com.apple.BackgroundModes = {
								enabled = 1;
							};
						};
					};
				};
			};
			buildConfigurationList = 259124071A96C629003B30C5 /* Build configuration list for PBXProject "RdioParty" */;
			compatibilityVersion = "Xcode 3.2";
			developmentRegion = English;
			hasScannedForEncodings = 0;
			knownRegions = (
				en,
				Base,
			);
			mainGroup = 259124031A96C629003B30C5;
			productRefGroup = 2591240D1A96C629003B30C5 /* Products */;
			projectDirPath = "";
			projectRoot = "";
			targets = (
				2591240B1A96C629003B30C5 /* RdioParty */,
			);
		};
/* End PBXProject section */

/* Begin PBXResourcesBuildPhase section */
		2591240A1A96C629003B30C5 /* Resources */ = {
			isa = PBXResourcesBuildPhase;
			buildActionMask = 2147483647;
			files = (
				A01835A21AACE8F200E596B4 /* controls_play@3x.png in Resources */,
				A018358A1AABF28100E596B4 /* users_three@2x.png in Resources */,
				A0D649E71AAD363200AFC951 /* vol_quiet.png in Resources */,
				259124191A96C629003B30C5 /* Main.storyboard in Resources */,
				A0D649E41AAD363200AFC951 /* vol_loud.png in Resources */,
				A01835841AABF28100E596B4 /* chats.png in Resources */,
				A00A292B1AA3E12400F18495 /* ChatUserSongActionCell.xib in Resources */,
				A0EFB7CF1A9F02580098542F /* ChatMessageTableViewCell.xib in Resources */,
				A018358B1AABF28100E596B4 /* users_two.png in Resources */,
				A0D649EE1AAD365200AFC951 /* vol_mute@2x.png in Resources */,
				A018358E1AABF28100E596B4 /* vol_loud.png in Resources */,
				A01835851AABF28100E596B4 /* chats@2x.png in Resources */,
				A01835901AABF28100E596B4 /* vol_loud@3x.png in Resources */,
				A01835A61AACEBFC00E596B4 /* thumbs-up.png in Resources */,
				A01835861AABF28100E596B4 /* chats@3x.png in Resources */,
				A0D649EF1AAD365200AFC951 /* vol_quiet@2x.png in Resources */,
				A03540331AB546F500456ACB /* favorite.png in Resources */,
				A0F346331AA26CEA000D9EEA /* vote-down.png in Resources */,
				A0D649F41AAD368200AFC951 /* vol_loud@3x.png in Resources */,
				A018358D1AABF28100E596B4 /* users_two@3x.png in Resources */,
				A0D649EC1AAD365200AFC951 /* vol_loud@2x.png in Resources */,
				A01835871AABF28100E596B4 /* rdioPartyLogo.png in Resources */,
				A0F3462E1AA04E35000D9EEA /* LoginViewController.xib in Resources */,
				A01835A11AACE8F200E596B4 /* controls_play@2x.png in Resources */,
				A0D649F51AAD368200AFC951 /* vol_medium@3x.png in Resources */,
				A0D649E61AAD363200AFC951 /* vol_mute.png in Resources */,
				A01835A51AACEBFC00E596B4 /* thumbs-down.png in Resources */,
				A0D649ED1AAD365200AFC951 /* vol_medium@2x.png in Resources */,
				A08FD7521AA4054100863929 /* ChatTrackChangedTableViewCell.xib in Resources */,
				A018358F1AABF28100E596B4 /* vol_loud@2x.png in Resources */,
				A018359F1AACE8F200E596B4 /* controls_pause@3x.png in Resources */,
				259015771AB267C30027E95A /* PersonListTableViewCell.xib in Resources */,
				2591241E1A96C629003B30C5 /* LaunchScreen.xib in Resources */,
				A01835891AABF28100E596B4 /* users_three.png in Resources */,
				2591241B1A96C629003B30C5 /* Images.xcassets in Resources */,
				A0F346341AA26CEA000D9EEA /* vote-up.png in Resources */,
				A018359E1AACE8F200E596B4 /* controls_pause@2x.png in Resources */,
				A01835881AABF28100E596B4 /* users_three_2@3x.png in Resources */,
				A018358C1AABF28100E596B4 /* users_two@2x.png in Resources */,
				A018359D1AACE8F200E596B4 /* controls_pause.png in Resources */,
				A0D649F71AAD368200AFC951 /* vol_quiet@3x.png in Resources */,
				A0D649F61AAD368200AFC951 /* vol_mute@3x.png in Resources */,
				A0D649E51AAD363200AFC951 /* vol_medium.png in Resources */,
				A00233901AA03A5D0028CED2 /* rdioPartyLogo.png in Resources */,
				A01835A01AACE8F200E596B4 /* controls_play.png in Resources */,
			);
			runOnlyForDeploymentPostprocessing = 0;
		};
/* End PBXResourcesBuildPhase section */

/* Begin PBXShellScriptBuildPhase section */
		AD8700BB555233D088191565 /* Copy Pods Resources */ = {
			isa = PBXShellScriptBuildPhase;
			buildActionMask = 2147483647;
			files = (
			);
			inputPaths = (
			);
			name = "Copy Pods Resources";
			outputPaths = (
			);
			runOnlyForDeploymentPostprocessing = 0;
			shellPath = /bin/sh;
			shellScript = "\"${SRCROOT}/Pods/Target Support Files/Pods/Pods-resources.sh\"\n";
			showEnvVarsInLog = 0;
		};
		E7B96F03D2ACEE195062C9A1 /* Check Pods Manifest.lock */ = {
			isa = PBXShellScriptBuildPhase;
			buildActionMask = 2147483647;
			files = (
			);
			inputPaths = (
			);
			name = "Check Pods Manifest.lock";
			outputPaths = (
			);
			runOnlyForDeploymentPostprocessing = 0;
			shellPath = /bin/sh;
			shellScript = "diff \"${PODS_ROOT}/../Podfile.lock\" \"${PODS_ROOT}/Manifest.lock\" > /dev/null\nif [[ $? != 0 ]] ; then\n    cat << EOM\nerror: The sandbox is not in sync with the Podfile.lock. Run 'pod install' or update your CocoaPods installation.\nEOM\n    exit 1\nfi\n";
			showEnvVarsInLog = 0;
		};
/* End PBXShellScriptBuildPhase section */

/* Begin PBXSourcesBuildPhase section */
		259124081A96C629003B30C5 /* Sources */ = {
			isa = PBXSourcesBuildPhase;
			buildActionMask = 2147483647;
			files = (
				A0F7CDEB1ABD10BF00FF8700 /* NSDate+Extensions.swift in Sources */,
				A0BE2ED91A997E750050FCE5 /* Person.swift in Sources */,
				A0EFB7CE1A9F02580098542F /* ChatMessageTableViewCell.swift in Sources */,
				A03B31F71A9985A600C7424F /* Session.swift in Sources */,
				259124161A96C629003B30C5 /* QueueViewController.swift in Sources */,
				A08FD7511AA4054100863929 /* ChatTrackChangedTableViewCell.swift in Sources */,
				A05249D41AABB8A900CA8D65 /* Utils.swift in Sources */,
				259124121A96C629003B30C5 /* AppDelegate.swift in Sources */,
				25D2E0111AB89AC900ACA4BE /* RPNavigationBar.swift in Sources */,
				A0582E951A9A565400C37188 /* RoomListViewController.swift in Sources */,
				A0D649DF1AAD23F400AFC951 /* RPHud.swift in Sources */,
				A0EDD91D1AA76F050000CE0C /* PartyPlayerManager.swift in Sources */,
				A0FCE8A31AA3808C00FB1310 /* CutOutView.swift in Sources */,
				A05249D21AAB86B100CA8D65 /* RPParallaxImageView.swift in Sources */,
				A0F346301AA256AE000D9EEA /* ChatMessageContentTextView.swift in Sources */,
				259015761AB267C30027E95A /* PersonListTableViewCell.swift in Sources */,
				A0828F7B1A9EE38700BFF409 /* RoomListTableViewCell.swift in Sources */,
				A00A292A1AA3E12400F18495 /* ChatUserSongActionCell.swift in Sources */,
				A032A2191A9A993400EF5924 /* PeopleListViewController.swift in Sources */,
				A0BE2ED61A997E620050FCE5 /* Room.swift in Sources */,
				A0F6A36A1AA271A700FEAE77 /* Song.swift in Sources */,
				250971531AAA87B300AE35A7 /* PlayerHeaderTableViewCell.swift in Sources */,
				25D437DF1AAE5A8D001CFD6C /* UIApplication+Extensions.swift in Sources */,
				A062BF021AA27A6000945407 /* QueueItemCellTableViewCell.swift in Sources */,
				25D2E0121AB89AC900ACA4BE /* RPTabBar.swift in Sources */,
				A062BF001AA275BF00945407 /* Queue.swift in Sources */,
				25BD291E1AAFAAA100E6E36F /* Credentials.swift in Sources */,
				A0C409751AA3DA400021964B /* RdioSearchDelegate.swift in Sources */,
				25D437DD1AAE56E5001CFD6C /* ApplicationTabBarController.swift in Sources */,
				A0F3462D1AA04E35000D9EEA /* LoginViewController.swift in Sources */,
				A0D93D431A99952600F138DC /* Message.swift in Sources */,
				259124141A96C629003B30C5 /* ChatViewController.swift in Sources */,
				A0D93D411A9990A700F138DC /* RdioPlayerManager.swift in Sources */,
			);
			runOnlyForDeploymentPostprocessing = 0;
		};
/* End PBXSourcesBuildPhase section */

/* Begin PBXVariantGroup section */
		259124171A96C629003B30C5 /* Main.storyboard */ = {
			isa = PBXVariantGroup;
			children = (
				259124181A96C629003B30C5 /* Base */,
			);
			name = Main.storyboard;
			sourceTree = "<group>";
		};
		2591241C1A96C629003B30C5 /* LaunchScreen.xib */ = {
			isa = PBXVariantGroup;
			children = (
				2591241D1A96C629003B30C5 /* Base */,
			);
			name = LaunchScreen.xib;
			sourceTree = "<group>";
		};
/* End PBXVariantGroup section */

/* Begin XCBuildConfiguration section */
		2591242B1A96C629003B30C5 /* Debug */ = {
			isa = XCBuildConfiguration;
			buildSettings = {
				ALWAYS_SEARCH_USER_PATHS = NO;
				CLANG_CXX_LANGUAGE_STANDARD = "gnu++0x";
				CLANG_CXX_LIBRARY = "libc++";
				CLANG_ENABLE_MODULES = YES;
				CLANG_ENABLE_OBJC_ARC = YES;
				CLANG_WARN_BOOL_CONVERSION = YES;
				CLANG_WARN_CONSTANT_CONVERSION = YES;
				CLANG_WARN_DIRECT_OBJC_ISA_USAGE = YES_ERROR;
				CLANG_WARN_EMPTY_BODY = YES;
				CLANG_WARN_ENUM_CONVERSION = YES;
				CLANG_WARN_INT_CONVERSION = YES;
				CLANG_WARN_OBJC_ROOT_CLASS = YES_ERROR;
				CLANG_WARN_UNREACHABLE_CODE = YES;
				CLANG_WARN__DUPLICATE_METHOD_MATCH = YES;
				"CODE_SIGN_IDENTITY[sdk=iphoneos*]" = "iPhone Developer";
				COPY_PHASE_STRIP = NO;
				DEBUG_INFORMATION_FORMAT = dwarf;
				ENABLE_STRICT_OBJC_MSGSEND = YES;
				GCC_C_LANGUAGE_STANDARD = gnu99;
				GCC_DYNAMIC_NO_PIC = NO;
				GCC_OPTIMIZATION_LEVEL = 0;
				GCC_PREPROCESSOR_DEFINITIONS = (
					"DEBUG=1",
					"$(inherited)",
				);
				GCC_SYMBOLS_PRIVATE_EXTERN = NO;
				GCC_WARN_64_TO_32_BIT_CONVERSION = YES;
				GCC_WARN_ABOUT_RETURN_TYPE = YES_ERROR;
				GCC_WARN_UNDECLARED_SELECTOR = YES;
				GCC_WARN_UNINITIALIZED_AUTOS = YES_AGGRESSIVE;
				GCC_WARN_UNUSED_FUNCTION = YES;
				GCC_WARN_UNUSED_VARIABLE = YES;
				IPHONEOS_DEPLOYMENT_TARGET = 8.3;
				MTL_ENABLE_DEBUG_INFO = YES;
				ONLY_ACTIVE_ARCH = YES;
				SDKROOT = iphoneos;
				SWIFT_OBJC_BRIDGING_HEADER = "Bridge-Header.h";
				SWIFT_OPTIMIZATION_LEVEL = "-Onone";
				TARGETED_DEVICE_FAMILY = "1,2";
			};
			name = Debug;
		};
		2591242C1A96C629003B30C5 /* Release */ = {
			isa = XCBuildConfiguration;
			buildSettings = {
				ALWAYS_SEARCH_USER_PATHS = NO;
				CLANG_CXX_LANGUAGE_STANDARD = "gnu++0x";
				CLANG_CXX_LIBRARY = "libc++";
				CLANG_ENABLE_MODULES = YES;
				CLANG_ENABLE_OBJC_ARC = YES;
				CLANG_WARN_BOOL_CONVERSION = YES;
				CLANG_WARN_CONSTANT_CONVERSION = YES;
				CLANG_WARN_DIRECT_OBJC_ISA_USAGE = YES_ERROR;
				CLANG_WARN_EMPTY_BODY = YES;
				CLANG_WARN_ENUM_CONVERSION = YES;
				CLANG_WARN_INT_CONVERSION = YES;
				CLANG_WARN_OBJC_ROOT_CLASS = YES_ERROR;
				CLANG_WARN_UNREACHABLE_CODE = YES;
				CLANG_WARN__DUPLICATE_METHOD_MATCH = YES;
				"CODE_SIGN_IDENTITY[sdk=iphoneos*]" = "iPhone Developer";
				COPY_PHASE_STRIP = NO;
				DEBUG_INFORMATION_FORMAT = "dwarf-with-dsym";
				ENABLE_NS_ASSERTIONS = NO;
				ENABLE_STRICT_OBJC_MSGSEND = YES;
				GCC_C_LANGUAGE_STANDARD = gnu99;
				GCC_WARN_64_TO_32_BIT_CONVERSION = YES;
				GCC_WARN_ABOUT_RETURN_TYPE = YES_ERROR;
				GCC_WARN_UNDECLARED_SELECTOR = YES;
				GCC_WARN_UNINITIALIZED_AUTOS = YES_AGGRESSIVE;
				GCC_WARN_UNUSED_FUNCTION = YES;
				GCC_WARN_UNUSED_VARIABLE = YES;
				IPHONEOS_DEPLOYMENT_TARGET = 8.3;
				MTL_ENABLE_DEBUG_INFO = NO;
				SDKROOT = iphoneos;
				SWIFT_OBJC_BRIDGING_HEADER = "Bridge-Header.h";
				TARGETED_DEVICE_FAMILY = "1,2";
				VALIDATE_PRODUCT = YES;
			};
			name = Release;
		};
		2591242E1A96C629003B30C5 /* Debug */ = {
			isa = XCBuildConfiguration;
			baseConfigurationReference = E8D34639FC618A3ED3270E20 /* Pods.debug.xcconfig */;
			buildSettings = {
				ASSETCATALOG_COMPILER_APPICON_NAME = AppIcon;
				CLANG_ENABLE_MODULES = YES;
				CODE_SIGN_IDENTITY = "iPhone Developer";
				FRAMEWORK_SEARCH_PATHS = (
					"$(inherited)",
					"$(PROJECT_DIR)/Frameworks",
					"$(PROJECT_DIR)",
				);
				INFOPLIST_FILE = RdioParty/Info.plist;
				LD_RUNPATH_SEARCH_PATHS = "$(inherited) @executable_path/Frameworks";
				PRODUCT_NAME = "$(TARGET_NAME)";
				SWIFT_OBJC_BRIDGING_HEADER = "RdioParty/RdioParty-Bridging-Header.h";
				SWIFT_OPTIMIZATION_LEVEL = "-Onone";
			};
			name = Debug;
		};
		2591242F1A96C629003B30C5 /* Release */ = {
			isa = XCBuildConfiguration;
			baseConfigurationReference = E9894EF30424D4A5ACC7CE16 /* Pods.release.xcconfig */;
			buildSettings = {
				ASSETCATALOG_COMPILER_APPICON_NAME = AppIcon;
				CLANG_ENABLE_MODULES = YES;
				CODE_SIGN_IDENTITY = "iPhone Developer";
				FRAMEWORK_SEARCH_PATHS = (
					"$(inherited)",
					"$(PROJECT_DIR)/Frameworks",
					"$(PROJECT_DIR)",
				);
				INFOPLIST_FILE = RdioParty/Info.plist;
				LD_RUNPATH_SEARCH_PATHS = "$(inherited) @executable_path/Frameworks";
				PRODUCT_NAME = "$(TARGET_NAME)";
				SWIFT_OBJC_BRIDGING_HEADER = "RdioParty/RdioParty-Bridging-Header.h";
			};
			name = Release;
		};
/* End XCBuildConfiguration section */

/* Begin XCConfigurationList section */
		259124071A96C629003B30C5 /* Build configuration list for PBXProject "RdioParty" */ = {
			isa = XCConfigurationList;
			buildConfigurations = (
				2591242B1A96C629003B30C5 /* Debug */,
				2591242C1A96C629003B30C5 /* Release */,
			);
			defaultConfigurationIsVisible = 0;
			defaultConfigurationName = Release;
		};
		2591242D1A96C629003B30C5 /* Build configuration list for PBXNativeTarget "RdioParty" */ = {
			isa = XCConfigurationList;
			buildConfigurations = (
				2591242E1A96C629003B30C5 /* Debug */,
				2591242F1A96C629003B30C5 /* Release */,
			);
			defaultConfigurationIsVisible = 0;
			defaultConfigurationName = Release;
		};
/* End XCConfigurationList section */
	};
	rootObject = 259124041A96C629003B30C5 /* Project object */;
}
