<?xml version="1.0" encoding="UTF-8"?>
<!DOCTYPE plist PUBLIC "-//Apple//DTD PLIST 1.0//EN" "http://www.apple.com/DTDs/PropertyList-1.0.dtd">
<plist version="1.0">
<dict>
	<key>archiveVersion</key>
	<string>1</string>
	<key>classes</key>
	<dict/>
	<key>objectVersion</key>
	<string>46</string>
	<key>objects</key>
	<dict>
		<key>1E03EAD0ECC1EE54FDE1DF69</key>
		<dict>
			<key>explicitFileType</key>
			<string>archive.ar</string>
			<key>includeInIndex</key>
			<string>0</string>
			<key>isa</key>
			<string>PBXFileReference</string>
			<key>path</key>
			<string>libPods.a</string>
			<key>sourceTree</key>
			<string>BUILT_PRODUCTS_DIR</string>
		</dict>
		<key>259124031A96C629003B30C5</key>
		<dict>
			<key>children</key>
			<array>
				<string>2591240E1A96C629003B30C5</string>
				<string>259124261A96C629003B30C5</string>
				<string>2591240D1A96C629003B30C5</string>
				<string>9D1EA5E8FF59415DA9029AE6</string>
				<string>73171983C05ECBF97D50C041</string>
			</array>
			<key>isa</key>
			<string>PBXGroup</string>
			<key>sourceTree</key>
			<string>&lt;group&gt;</string>
		</dict>
		<key>259124041A96C629003B30C5</key>
		<dict>
			<key>attributes</key>
			<dict>
				<key>LastUpgradeCheck</key>
				<string>0630</string>
				<key>ORGANIZATIONNAME</key>
				<string>Rdio</string>
				<key>TargetAttributes</key>
				<dict>
					<key>2591240B1A96C629003B30C5</key>
					<dict>
						<key>CreatedOnToolsVersion</key>
						<string>6.3</string>
					</dict>
				</dict>
			</dict>
			<key>buildConfigurationList</key>
			<string>259124071A96C629003B30C5</string>
			<key>compatibilityVersion</key>
			<string>Xcode 3.2</string>
			<key>developmentRegion</key>
			<string>English</string>
			<key>hasScannedForEncodings</key>
			<string>0</string>
			<key>isa</key>
			<string>PBXProject</string>
			<key>knownRegions</key>
			<array>
				<string>en</string>
				<string>Base</string>
			</array>
			<key>mainGroup</key>
			<string>259124031A96C629003B30C5</string>
			<key>productRefGroup</key>
			<string>2591240D1A96C629003B30C5</string>
			<key>projectDirPath</key>
			<string></string>
			<key>projectReferences</key>
			<array/>
			<key>projectRoot</key>
			<string></string>
			<key>targets</key>
			<array>
				<string>2591240B1A96C629003B30C5</string>
			</array>
		</dict>
		<key>259124071A96C629003B30C5</key>
		<dict>
			<key>buildConfigurations</key>
			<array>
				<string>2591242B1A96C629003B30C5</string>
				<string>2591242C1A96C629003B30C5</string>
			</array>
			<key>defaultConfigurationIsVisible</key>
			<string>0</string>
			<key>defaultConfigurationName</key>
			<string>Release</string>
			<key>isa</key>
			<string>XCConfigurationList</string>
		</dict>
		<key>259124081A96C629003B30C5</key>
		<dict>
			<key>buildActionMask</key>
			<string>2147483647</string>
			<key>files</key>
			<array>
				<string>A0BE2ED91A997E750050FCE5</string>
				<string>A0EFB7CE1A9F02580098542F</string>
				<string>A0828F701A9ECFAC00BFF409</string>
				<string>A03B31F71A9985A600C7424F</string>
				<string>A0EFB7CB1A9EF5530098542F</string>
				<string>259124161A96C629003B30C5</string>
				<string>259124121A96C629003B30C5</string>
				<string>A0582E951A9A565400C37188</string>
				<string>A0828F7B1A9EE38700BFF409</string>
				<string>A0828F6C1A9EC7AE00BFF409</string>
				<string>A0828F6E1A9EC8BD00BFF409</string>
				<string>A032A2191A9A993400EF5924</string>
				<string>A0BE2ED61A997E620050FCE5</string>
				<string>A0D93D431A99952600F138DC</string>
				<string>259124141A96C629003B30C5</string>
				<string>A0D93D411A9990A700F138DC</string>
			</array>
			<key>isa</key>
			<string>PBXSourcesBuildPhase</string>
			<key>runOnlyForDeploymentPostprocessing</key>
			<string>0</string>
		</dict>
		<key>259124091A96C629003B30C5</key>
		<dict>
			<key>buildActionMask</key>
			<string>2147483647</string>
			<key>files</key>
			<array>
				<string>A06D67251A9AB27D005722D8</string>
				<string>A06D67231A9AB276005722D8</string>
				<string>A06931351A9A8AE900188118</string>
				<string>A06931331A9A8AE200188118</string>
				<string>25F785E31A98197500CC0B89</string>
				<string>A06931311A9A8A8500188118</string>
				<string>25B8F0591A97C63C003094C0</string>
				<string>25B8F0571A97C637003094C0</string>
				<string>25B8F0551A97C633003094C0</string>
				<string>25B8F0531A97C62F003094C0</string>
				<string>25B8F0511A97C62B003094C0</string>
				<string>25B8F04F1A97C627003094C0</string>
				<string>597877C7C6D35F77B6B50A69</string>
			</array>
			<key>isa</key>
			<string>PBXFrameworksBuildPhase</string>
			<key>runOnlyForDeploymentPostprocessing</key>
			<string>0</string>
		</dict>
		<key>2591240A1A96C629003B30C5</key>
		<dict>
			<key>buildActionMask</key>
			<string>2147483647</string>
			<key>files</key>
			<array>
				<string>259124191A96C629003B30C5</string>
				<string>A0EFB7CF1A9F02580098542F</string>
				<string>2591241E1A96C629003B30C5</string>
				<string>2591241B1A96C629003B30C5</string>
				<string>A00233901AA03A5D0028CED2</string>
			</array>
			<key>isa</key>
			<string>PBXResourcesBuildPhase</string>
			<key>runOnlyForDeploymentPostprocessing</key>
			<string>0</string>
		</dict>
		<key>2591240B1A96C629003B30C5</key>
		<dict>
			<key>buildConfigurationList</key>
			<string>2591242D1A96C629003B30C5</string>
			<key>buildPhases</key>
			<array>
				<string>E7B96F03D2ACEE195062C9A1</string>
				<string>259124081A96C629003B30C5</string>
				<string>259124091A96C629003B30C5</string>
				<string>2591240A1A96C629003B30C5</string>
				<string>AD8700BB555233D088191565</string>
			</array>
			<key>buildRules</key>
			<array/>
			<key>dependencies</key>
			<array/>
			<key>isa</key>
			<string>PBXNativeTarget</string>
			<key>name</key>
			<string>RdioParty</string>
			<key>productName</key>
			<string>RdioParty</string>
			<key>productReference</key>
			<string>2591240C1A96C629003B30C5</string>
			<key>productType</key>
			<string>com.apple.product-type.application</string>
		</dict>
		<key>2591240C1A96C629003B30C5</key>
		<dict>
			<key>explicitFileType</key>
			<string>wrapper.application</string>
			<key>includeInIndex</key>
			<string>0</string>
			<key>isa</key>
			<string>PBXFileReference</string>
			<key>path</key>
			<string>RdioParty.app</string>
			<key>sourceTree</key>
			<string>BUILT_PRODUCTS_DIR</string>
		</dict>
		<key>2591240D1A96C629003B30C5</key>
		<dict>
			<key>children</key>
			<array>
				<string>2591240C1A96C629003B30C5</string>
			</array>
			<key>isa</key>
			<string>PBXGroup</string>
			<key>name</key>
			<string>Products</string>
			<key>sourceTree</key>
			<string>&lt;group&gt;</string>
		</dict>
		<key>2591240E1A96C629003B30C5</key>
		<dict>
			<key>children</key>
			<array>
				<string>A002338E1AA03A5D0028CED2</string>
				<string>A0828F6A1A9EC79700BFF409</string>
				<string>A04431C01A9D758D003A5E69</string>
				<string>A06D672B1A9AB388005722D8</string>
				<string>A0582E921A9A55A600C37188</string>
				<string>A0BE2ED41A997E1D0050FCE5</string>
				<string>259124111A96C629003B30C5</string>
				<string>259124171A96C629003B30C5</string>
				<string>2591241A1A96C629003B30C5</string>
				<string>2591241C1A96C629003B30C5</string>
				<string>2591240F1A96C629003B30C5</string>
			</array>
			<key>isa</key>
			<string>PBXGroup</string>
			<key>path</key>
			<string>RdioParty</string>
			<key>sourceTree</key>
			<string>&lt;group&gt;</string>
		</dict>
		<key>2591240F1A96C629003B30C5</key>
		<dict>
			<key>children</key>
			<array>
				<string>259124101A96C629003B30C5</string>
			</array>
			<key>isa</key>
			<string>PBXGroup</string>
			<key>name</key>
			<string>Supporting Files</string>
			<key>sourceTree</key>
			<string>&lt;group&gt;</string>
		</dict>
		<key>259124101A96C629003B30C5</key>
		<dict>
			<key>isa</key>
			<string>PBXFileReference</string>
			<key>lastKnownFileType</key>
			<string>text.plist.xml</string>
			<key>path</key>
			<string>Info.plist</string>
			<key>sourceTree</key>
			<string>&lt;group&gt;</string>
		</dict>
		<key>259124111A96C629003B30C5</key>
		<dict>
			<key>isa</key>
			<string>PBXFileReference</string>
			<key>lastKnownFileType</key>
			<string>sourcecode.swift</string>
			<key>path</key>
			<string>AppDelegate.swift</string>
			<key>sourceTree</key>
			<string>&lt;group&gt;</string>
		</dict>
		<key>259124121A96C629003B30C5</key>
		<dict>
			<key>fileRef</key>
			<string>259124111A96C629003B30C5</string>
			<key>isa</key>
			<string>PBXBuildFile</string>
		</dict>
		<key>259124131A96C629003B30C5</key>
		<dict>
			<key>isa</key>
			<string>PBXFileReference</string>
			<key>lastKnownFileType</key>
			<string>sourcecode.swift</string>
			<key>path</key>
			<string>ChatViewController.swift</string>
			<key>sourceTree</key>
			<string>&lt;group&gt;</string>
		</dict>
		<key>259124141A96C629003B30C5</key>
		<dict>
			<key>fileRef</key>
			<string>259124131A96C629003B30C5</string>
			<key>isa</key>
			<string>PBXBuildFile</string>
		</dict>
		<key>259124151A96C629003B30C5</key>
		<dict>
			<key>isa</key>
			<string>PBXFileReference</string>
			<key>lastKnownFileType</key>
			<string>sourcecode.swift</string>
			<key>path</key>
			<string>SecondViewController.swift</string>
			<key>sourceTree</key>
			<string>&lt;group&gt;</string>
		</dict>
		<key>259124161A96C629003B30C5</key>
		<dict>
			<key>fileRef</key>
			<string>259124151A96C629003B30C5</string>
			<key>isa</key>
			<string>PBXBuildFile</string>
		</dict>
		<key>259124171A96C629003B30C5</key>
		<dict>
			<key>children</key>
			<array>
				<string>259124181A96C629003B30C5</string>
			</array>
			<key>isa</key>
			<string>PBXVariantGroup</string>
			<key>name</key>
			<string>Main.storyboard</string>
			<key>sourceTree</key>
			<string>&lt;group&gt;</string>
		</dict>
		<key>259124181A96C629003B30C5</key>
		<dict>
			<key>isa</key>
			<string>PBXFileReference</string>
			<key>lastKnownFileType</key>
			<string>file.storyboard</string>
			<key>name</key>
			<string>Base</string>
			<key>path</key>
			<string>Base.lproj/Main.storyboard</string>
			<key>sourceTree</key>
			<string>&lt;group&gt;</string>
		</dict>
		<key>259124191A96C629003B30C5</key>
		<dict>
			<key>fileRef</key>
			<string>259124171A96C629003B30C5</string>
			<key>isa</key>
			<string>PBXBuildFile</string>
		</dict>
		<key>2591241A1A96C629003B30C5</key>
		<dict>
			<key>isa</key>
			<string>PBXFileReference</string>
			<key>lastKnownFileType</key>
			<string>folder.assetcatalog</string>
			<key>path</key>
			<string>Images.xcassets</string>
			<key>sourceTree</key>
			<string>&lt;group&gt;</string>
		</dict>
		<key>2591241B1A96C629003B30C5</key>
		<dict>
			<key>fileRef</key>
			<string>2591241A1A96C629003B30C5</string>
			<key>isa</key>
			<string>PBXBuildFile</string>
		</dict>
		<key>2591241C1A96C629003B30C5</key>
		<dict>
			<key>children</key>
			<array>
				<string>2591241D1A96C629003B30C5</string>
			</array>
			<key>isa</key>
			<string>PBXVariantGroup</string>
			<key>name</key>
			<string>LaunchScreen.xib</string>
			<key>sourceTree</key>
			<string>&lt;group&gt;</string>
		</dict>
		<key>2591241D1A96C629003B30C5</key>
		<dict>
			<key>isa</key>
			<string>PBXFileReference</string>
			<key>lastKnownFileType</key>
			<string>file.xib</string>
			<key>name</key>
			<string>Base</string>
			<key>path</key>
			<string>Base.lproj/LaunchScreen.xib</string>
			<key>sourceTree</key>
			<string>&lt;group&gt;</string>
		</dict>
		<key>2591241E1A96C629003B30C5</key>
		<dict>
			<key>fileRef</key>
			<string>2591241C1A96C629003B30C5</string>
			<key>isa</key>
			<string>PBXBuildFile</string>
		</dict>
		<key>259124261A96C629003B30C5</key>
		<dict>
			<key>children</key>
			<array>
				<string>259124291A96C629003B30C5</string>
				<string>259124271A96C629003B30C5</string>
			</array>
			<key>isa</key>
			<string>PBXGroup</string>
			<key>path</key>
			<string>RdioPartyTests</string>
			<key>sourceTree</key>
			<string>&lt;group&gt;</string>
		</dict>
		<key>259124271A96C629003B30C5</key>
		<dict>
			<key>children</key>
			<array>
				<string>259124281A96C629003B30C5</string>
			</array>
			<key>isa</key>
			<string>PBXGroup</string>
			<key>name</key>
			<string>Supporting Files</string>
			<key>sourceTree</key>
			<string>&lt;group&gt;</string>
		</dict>
		<key>259124281A96C629003B30C5</key>
		<dict>
			<key>isa</key>
			<string>PBXFileReference</string>
			<key>lastKnownFileType</key>
			<string>text.plist.xml</string>
			<key>path</key>
			<string>Info.plist</string>
			<key>sourceTree</key>
			<string>&lt;group&gt;</string>
		</dict>
		<key>259124291A96C629003B30C5</key>
		<dict>
			<key>isa</key>
			<string>PBXFileReference</string>
			<key>lastKnownFileType</key>
			<string>sourcecode.swift</string>
			<key>path</key>
			<string>RdioPartyTests.swift</string>
			<key>sourceTree</key>
			<string>&lt;group&gt;</string>
		</dict>
		<key>2591242B1A96C629003B30C5</key>
		<dict>
			<key>buildSettings</key>
			<dict>
				<key>ALWAYS_SEARCH_USER_PATHS</key>
				<string>NO</string>
				<key>CLANG_CXX_LANGUAGE_STANDARD</key>
				<string>gnu++0x</string>
				<key>CLANG_CXX_LIBRARY</key>
				<string>libc++</string>
				<key>CLANG_ENABLE_MODULES</key>
				<string>YES</string>
				<key>CLANG_ENABLE_OBJC_ARC</key>
				<string>YES</string>
				<key>CLANG_WARN_BOOL_CONVERSION</key>
				<string>YES</string>
				<key>CLANG_WARN_CONSTANT_CONVERSION</key>
				<string>YES</string>
				<key>CLANG_WARN_DIRECT_OBJC_ISA_USAGE</key>
				<string>YES_ERROR</string>
				<key>CLANG_WARN_EMPTY_BODY</key>
				<string>YES</string>
				<key>CLANG_WARN_ENUM_CONVERSION</key>
				<string>YES</string>
				<key>CLANG_WARN_INT_CONVERSION</key>
				<string>YES</string>
				<key>CLANG_WARN_OBJC_ROOT_CLASS</key>
				<string>YES_ERROR</string>
				<key>CLANG_WARN_UNREACHABLE_CODE</key>
				<string>YES</string>
				<key>CLANG_WARN__DUPLICATE_METHOD_MATCH</key>
				<string>YES</string>
				<key>CODE_SIGN_IDENTITY[sdk=iphoneos*]</key>
				<string>iPhone Developer</string>
				<key>COPY_PHASE_STRIP</key>
				<string>NO</string>
				<key>DEBUG_INFORMATION_FORMAT</key>
				<string>dwarf</string>
				<key>ENABLE_STRICT_OBJC_MSGSEND</key>
				<string>YES</string>
				<key>GCC_C_LANGUAGE_STANDARD</key>
				<string>gnu99</string>
				<key>GCC_DYNAMIC_NO_PIC</key>
				<string>NO</string>
				<key>GCC_OPTIMIZATION_LEVEL</key>
				<string>0</string>
				<key>GCC_PREPROCESSOR_DEFINITIONS</key>
				<array>
					<string>DEBUG=1</string>
					<string>$(inherited)</string>
				</array>
				<key>GCC_SYMBOLS_PRIVATE_EXTERN</key>
				<string>NO</string>
				<key>GCC_WARN_64_TO_32_BIT_CONVERSION</key>
				<string>YES</string>
				<key>GCC_WARN_ABOUT_RETURN_TYPE</key>
				<string>YES_ERROR</string>
				<key>GCC_WARN_UNDECLARED_SELECTOR</key>
				<string>YES</string>
				<key>GCC_WARN_UNINITIALIZED_AUTOS</key>
				<string>YES_AGGRESSIVE</string>
				<key>GCC_WARN_UNUSED_FUNCTION</key>
				<string>YES</string>
				<key>GCC_WARN_UNUSED_VARIABLE</key>
				<string>YES</string>
				<key>IPHONEOS_DEPLOYMENT_TARGET</key>
				<string>8.3</string>
				<key>MTL_ENABLE_DEBUG_INFO</key>
				<string>YES</string>
				<key>ONLY_ACTIVE_ARCH</key>
				<string>YES</string>
				<key>SDKROOT</key>
				<string>iphoneos</string>
				<key>SWIFT_OBJC_BRIDGING_HEADER</key>
				<string>Bridge-Header.h</string>
				<key>SWIFT_OPTIMIZATION_LEVEL</key>
				<string>-Onone</string>
				<key>TARGETED_DEVICE_FAMILY</key>
				<string>1,2</string>
			</dict>
			<key>isa</key>
			<string>XCBuildConfiguration</string>
			<key>name</key>
			<string>Debug</string>
		</dict>
		<key>2591242C1A96C629003B30C5</key>
		<dict>
			<key>buildSettings</key>
			<dict>
				<key>ALWAYS_SEARCH_USER_PATHS</key>
				<string>NO</string>
				<key>CLANG_CXX_LANGUAGE_STANDARD</key>
				<string>gnu++0x</string>
				<key>CLANG_CXX_LIBRARY</key>
				<string>libc++</string>
				<key>CLANG_ENABLE_MODULES</key>
				<string>YES</string>
				<key>CLANG_ENABLE_OBJC_ARC</key>
				<string>YES</string>
				<key>CLANG_WARN_BOOL_CONVERSION</key>
				<string>YES</string>
				<key>CLANG_WARN_CONSTANT_CONVERSION</key>
				<string>YES</string>
				<key>CLANG_WARN_DIRECT_OBJC_ISA_USAGE</key>
				<string>YES_ERROR</string>
				<key>CLANG_WARN_EMPTY_BODY</key>
				<string>YES</string>
				<key>CLANG_WARN_ENUM_CONVERSION</key>
				<string>YES</string>
				<key>CLANG_WARN_INT_CONVERSION</key>
				<string>YES</string>
				<key>CLANG_WARN_OBJC_ROOT_CLASS</key>
				<string>YES_ERROR</string>
				<key>CLANG_WARN_UNREACHABLE_CODE</key>
				<string>YES</string>
				<key>CLANG_WARN__DUPLICATE_METHOD_MATCH</key>
				<string>YES</string>
				<key>CODE_SIGN_IDENTITY[sdk=iphoneos*]</key>
				<string>iPhone Developer</string>
				<key>COPY_PHASE_STRIP</key>
				<string>NO</string>
				<key>DEBUG_INFORMATION_FORMAT</key>
				<string>dwarf-with-dsym</string>
				<key>ENABLE_NS_ASSERTIONS</key>
				<string>NO</string>
				<key>ENABLE_STRICT_OBJC_MSGSEND</key>
				<string>YES</string>
				<key>GCC_C_LANGUAGE_STANDARD</key>
				<string>gnu99</string>
				<key>GCC_WARN_64_TO_32_BIT_CONVERSION</key>
				<string>YES</string>
				<key>GCC_WARN_ABOUT_RETURN_TYPE</key>
				<string>YES_ERROR</string>
				<key>GCC_WARN_UNDECLARED_SELECTOR</key>
				<string>YES</string>
				<key>GCC_WARN_UNINITIALIZED_AUTOS</key>
				<string>YES_AGGRESSIVE</string>
				<key>GCC_WARN_UNUSED_FUNCTION</key>
				<string>YES</string>
				<key>GCC_WARN_UNUSED_VARIABLE</key>
				<string>YES</string>
				<key>IPHONEOS_DEPLOYMENT_TARGET</key>
				<string>8.3</string>
				<key>MTL_ENABLE_DEBUG_INFO</key>
				<string>NO</string>
				<key>SDKROOT</key>
				<string>iphoneos</string>
				<key>SWIFT_OBJC_BRIDGING_HEADER</key>
				<string>Bridge-Header.h</string>
				<key>TARGETED_DEVICE_FAMILY</key>
				<string>1,2</string>
				<key>VALIDATE_PRODUCT</key>
				<string>YES</string>
			</dict>
			<key>isa</key>
			<string>XCBuildConfiguration</string>
			<key>name</key>
			<string>Release</string>
		</dict>
		<key>2591242D1A96C629003B30C5</key>
		<dict>
			<key>buildConfigurations</key>
			<array>
				<string>2591242E1A96C629003B30C5</string>
				<string>2591242F1A96C629003B30C5</string>
			</array>
			<key>defaultConfigurationIsVisible</key>
			<string>0</string>
			<key>defaultConfigurationName</key>
			<string>Release</string>
			<key>isa</key>
			<string>XCConfigurationList</string>
		</dict>
		<key>2591242E1A96C629003B30C5</key>
		<dict>
			<key>baseConfigurationReference</key>
			<string>E8D34639FC618A3ED3270E20</string>
			<key>buildSettings</key>
			<dict>
				<key>ASSETCATALOG_COMPILER_APPICON_NAME</key>
				<string>AppIcon</string>
				<key>CLANG_ENABLE_MODULES</key>
				<string>YES</string>
				<key>FRAMEWORK_SEARCH_PATHS</key>
				<array>
					<string>$(inherited)</string>
					<string>$(PROJECT_DIR)/Frameworks</string>
					<string>$(PROJECT_DIR)</string>
				</array>
				<key>INFOPLIST_FILE</key>
				<string>RdioParty/Info.plist</string>
				<key>LD_RUNPATH_SEARCH_PATHS</key>
				<string>$(inherited) @executable_path/Frameworks</string>
				<key>PRODUCT_NAME</key>
				<string>$(TARGET_NAME)</string>
				<key>SWIFT_OBJC_BRIDGING_HEADER</key>
				<string>RdioParty/RdioParty-Bridging-Header.h</string>
				<key>SWIFT_OPTIMIZATION_LEVEL</key>
				<string>-Onone</string>
			</dict>
			<key>isa</key>
			<string>XCBuildConfiguration</string>
			<key>name</key>
			<string>Debug</string>
		</dict>
		<key>2591242F1A96C629003B30C5</key>
		<dict>
			<key>baseConfigurationReference</key>
			<string>E9894EF30424D4A5ACC7CE16</string>
			<key>buildSettings</key>
			<dict>
				<key>ASSETCATALOG_COMPILER_APPICON_NAME</key>
				<string>AppIcon</string>
				<key>CLANG_ENABLE_MODULES</key>
				<string>YES</string>
				<key>FRAMEWORK_SEARCH_PATHS</key>
				<array>
					<string>$(inherited)</string>
					<string>$(PROJECT_DIR)/Frameworks</string>
					<string>$(PROJECT_DIR)</string>
				</array>
				<key>INFOPLIST_FILE</key>
				<string>RdioParty/Info.plist</string>
				<key>LD_RUNPATH_SEARCH_PATHS</key>
				<string>$(inherited) @executable_path/Frameworks</string>
				<key>PRODUCT_NAME</key>
				<string>$(TARGET_NAME)</string>
				<key>SWIFT_OBJC_BRIDGING_HEADER</key>
				<string>RdioParty/RdioParty-Bridging-Header.h</string>
			</dict>
			<key>isa</key>
			<string>XCBuildConfiguration</string>
			<key>name</key>
			<string>Release</string>
		</dict>
		<key>25B8F04E1A97C627003094C0</key>
		<dict>
			<key>isa</key>
			<string>PBXFileReference</string>
			<key>lastKnownFileType</key>
			<string>wrapper.framework</string>
			<key>name</key>
			<string>AudioToolbox.framework</string>
			<key>path</key>
			<string>System/Library/Frameworks/AudioToolbox.framework</string>
			<key>sourceTree</key>
			<string>SDKROOT</string>
		</dict>
		<key>25B8F04F1A97C627003094C0</key>
		<dict>
			<key>fileRef</key>
			<string>25B8F04E1A97C627003094C0</string>
			<key>isa</key>
			<string>PBXBuildFile</string>
		</dict>
		<key>25B8F0501A97C62B003094C0</key>
		<dict>
			<key>isa</key>
			<string>PBXFileReference</string>
			<key>lastKnownFileType</key>
			<string>wrapper.framework</string>
			<key>name</key>
			<string>CFNetwork.framework</string>
			<key>path</key>
			<string>System/Library/Frameworks/CFNetwork.framework</string>
			<key>sourceTree</key>
			<string>SDKROOT</string>
		</dict>
		<key>25B8F0511A97C62B003094C0</key>
		<dict>
			<key>fileRef</key>
			<string>25B8F0501A97C62B003094C0</string>
			<key>isa</key>
			<string>PBXBuildFile</string>
		</dict>
		<key>25B8F0521A97C62F003094C0</key>
		<dict>
			<key>isa</key>
			<string>PBXFileReference</string>
			<key>lastKnownFileType</key>
			<string>wrapper.framework</string>
			<key>name</key>
			<string>CoreGraphics.framework</string>
			<key>path</key>
			<string>System/Library/Frameworks/CoreGraphics.framework</string>
			<key>sourceTree</key>
			<string>SDKROOT</string>
		</dict>
		<key>25B8F0531A97C62F003094C0</key>
		<dict>
			<key>fileRef</key>
			<string>25B8F0521A97C62F003094C0</string>
			<key>isa</key>
			<string>PBXBuildFile</string>
		</dict>
		<key>25B8F0541A97C633003094C0</key>
		<dict>
			<key>isa</key>
			<string>PBXFileReference</string>
			<key>lastKnownFileType</key>
			<string>wrapper.framework</string>
			<key>name</key>
			<string>CoreMedia.framework</string>
			<key>path</key>
			<string>System/Library/Frameworks/CoreMedia.framework</string>
			<key>sourceTree</key>
			<string>SDKROOT</string>
		</dict>
		<key>25B8F0551A97C633003094C0</key>
		<dict>
			<key>fileRef</key>
			<string>25B8F0541A97C633003094C0</string>
			<key>isa</key>
			<string>PBXBuildFile</string>
		</dict>
		<key>25B8F0561A97C637003094C0</key>
		<dict>
			<key>isa</key>
			<string>PBXFileReference</string>
			<key>lastKnownFileType</key>
			<string>wrapper.framework</string>
			<key>name</key>
			<string>Security.framework</string>
			<key>path</key>
			<string>System/Library/Frameworks/Security.framework</string>
			<key>sourceTree</key>
			<string>SDKROOT</string>
		</dict>
		<key>25B8F0571A97C637003094C0</key>
		<dict>
			<key>fileRef</key>
			<string>25B8F0561A97C637003094C0</string>
			<key>isa</key>
			<string>PBXBuildFile</string>
		</dict>
		<key>25B8F0581A97C63C003094C0</key>
		<dict>
			<key>isa</key>
			<string>PBXFileReference</string>
			<key>lastKnownFileType</key>
			<string>wrapper.framework</string>
			<key>name</key>
			<string>SystemConfiguration.framework</string>
			<key>path</key>
			<string>System/Library/Frameworks/SystemConfiguration.framework</string>
			<key>sourceTree</key>
			<string>SDKROOT</string>
		</dict>
		<key>25B8F0591A97C63C003094C0</key>
		<dict>
			<key>fileRef</key>
			<string>25B8F0581A97C63C003094C0</string>
			<key>isa</key>
			<string>PBXBuildFile</string>
		</dict>
		<key>25F785E21A98197500CC0B89</key>
		<dict>
			<key>isa</key>
			<string>PBXFileReference</string>
			<key>lastKnownFileType</key>
			<string>wrapper.framework</string>
			<key>name</key>
			<string>Rdio.framework</string>
			<key>path</key>
			<string>Frameworks/Rdio.framework</string>
			<key>sourceTree</key>
			<string>&lt;group&gt;</string>
		</dict>
		<key>25F785E31A98197500CC0B89</key>
		<dict>
			<key>fileRef</key>
			<string>25F785E21A98197500CC0B89</string>
			<key>isa</key>
			<string>PBXBuildFile</string>
		</dict>
		<key>597877C7C6D35F77B6B50A69</key>
		<dict>
			<key>fileRef</key>
			<string>1E03EAD0ECC1EE54FDE1DF69</string>
			<key>isa</key>
			<string>PBXBuildFile</string>
		</dict>
		<key>73171983C05ECBF97D50C041</key>
		<dict>
			<key>children</key>
			<array>
				<string>A06D67241A9AB27D005722D8</string>
				<string>A06D67221A9AB276005722D8</string>
				<string>A06931341A9A8AE900188118</string>
				<string>A06931321A9A8AE200188118</string>
				<string>A06931301A9A8A8500188118</string>
				<string>25F785E21A98197500CC0B89</string>
				<string>25B8F0581A97C63C003094C0</string>
				<string>25B8F0561A97C637003094C0</string>
				<string>25B8F0541A97C633003094C0</string>
				<string>25B8F0521A97C62F003094C0</string>
				<string>25B8F0501A97C62B003094C0</string>
				<string>25B8F04E1A97C627003094C0</string>
				<string>1E03EAD0ECC1EE54FDE1DF69</string>
			</array>
			<key>isa</key>
			<string>PBXGroup</string>
			<key>name</key>
			<string>Frameworks</string>
			<key>sourceTree</key>
			<string>&lt;group&gt;</string>
		</dict>
		<key>9D1EA5E8FF59415DA9029AE6</key>
		<dict>
			<key>children</key>
			<array>
				<string>E8D34639FC618A3ED3270E20</string>
				<string>E9894EF30424D4A5ACC7CE16</string>
			</array>
			<key>isa</key>
			<string>PBXGroup</string>
			<key>name</key>
			<string>Pods</string>
			<key>sourceTree</key>
			<string>&lt;group&gt;</string>
		</dict>
		<key>A002338E1AA03A5D0028CED2</key>
		<dict>
			<key>children</key>
			<array>
				<string>A002338F1AA03A5D0028CED2</string>
			</array>
			<key>isa</key>
			<string>PBXGroup</string>
			<key>path</key>
			<string>Resources</string>
			<key>sourceTree</key>
			<string>&lt;group&gt;</string>
		</dict>
		<key>A002338F1AA03A5D0028CED2</key>
		<dict>
			<key>isa</key>
			<string>PBXFileReference</string>
			<key>lastKnownFileType</key>
			<string>image.png</string>
			<key>path</key>
			<string>rdioPartyLogo.png</string>
			<key>sourceTree</key>
			<string>&lt;group&gt;</string>
		</dict>
		<key>A00233901AA03A5D0028CED2</key>
		<dict>
			<key>fileRef</key>
			<string>A002338F1AA03A5D0028CED2</string>
			<key>isa</key>
			<string>PBXBuildFile</string>
		</dict>
		<key>A032A2181A9A993400EF5924</key>
		<dict>
			<key>fileEncoding</key>
			<string>4</string>
			<key>isa</key>
			<string>PBXFileReference</string>
			<key>lastKnownFileType</key>
			<string>sourcecode.swift</string>
			<key>path</key>
			<string>PeopleListViewController.swift</string>
			<key>sourceTree</key>
			<string>&lt;group&gt;</string>
		</dict>
		<key>A032A2191A9A993400EF5924</key>
		<dict>
			<key>fileRef</key>
			<string>A032A2181A9A993400EF5924</string>
			<key>isa</key>
			<string>PBXBuildFile</string>
		</dict>
		<key>A03B31F61A9985A600C7424F</key>
		<dict>
			<key>fileEncoding</key>
			<string>4</string>
			<key>isa</key>
			<string>PBXFileReference</string>
			<key>lastKnownFileType</key>
			<string>sourcecode.swift</string>
			<key>path</key>
			<string>Session.swift</string>
			<key>sourceTree</key>
			<string>&lt;group&gt;</string>
		</dict>
		<key>A03B31F71A9985A600C7424F</key>
		<dict>
			<key>fileRef</key>
			<string>A03B31F61A9985A600C7424F</string>
			<key>isa</key>
			<string>PBXBuildFile</string>
		</dict>
		<key>A04431C01A9D758D003A5E69</key>
		<dict>
			<key>children</key>
			<array>
				<string>A0828F791A9EE36800BFF409</string>
				<string>A0EFB7CC1A9F02580098542F</string>
				<string>A0EFB7CD1A9F02580098542F</string>
			</array>
			<key>isa</key>
			<string>PBXGroup</string>
			<key>name</key>
			<string>Views</string>
			<key>sourceTree</key>
			<string>&lt;group&gt;</string>
		</dict>
		<key>A0582E921A9A55A600C37188</key>
		<dict>
			<key>children</key>
			<array>
				<string>259124151A96C629003B30C5</string>
				<string>259124131A96C629003B30C5</string>
				<string>A0582E931A9A565400C37188</string>
				<string>A032A2181A9A993400EF5924</string>
				<string>A0828F6F1A9ECFAC00BFF409</string>
			</array>
			<key>isa</key>
			<string>PBXGroup</string>
			<key>name</key>
			<string>ViewControllers</string>
			<key>sourceTree</key>
			<string>&lt;group&gt;</string>
		</dict>
		<key>A0582E931A9A565400C37188</key>
		<dict>
			<key>fileEncoding</key>
			<string>4</string>
			<key>isa</key>
			<string>PBXFileReference</string>
			<key>lastKnownFileType</key>
			<string>sourcecode.swift</string>
			<key>path</key>
			<string>RoomListViewController.swift</string>
			<key>sourceTree</key>
			<string>&lt;group&gt;</string>
		</dict>
		<key>A0582E951A9A565400C37188</key>
		<dict>
			<key>fileRef</key>
			<string>A0582E931A9A565400C37188</string>
			<key>isa</key>
			<string>PBXBuildFile</string>
		</dict>
		<key>A06931301A9A8A8500188118</key>
		<dict>
			<key>isa</key>
			<string>PBXFileReference</string>
			<key>lastKnownFileType</key>
			<string>wrapper.framework</string>
			<key>name</key>
			<string>Firebase.framework</string>
			<key>path</key>
			<string>Frameworks/Firebase.framework</string>
			<key>sourceTree</key>
			<string>&lt;group&gt;</string>
		</dict>
		<key>A06931311A9A8A8500188118</key>
		<dict>
			<key>fileRef</key>
			<string>A06931301A9A8A8500188118</string>
			<key>isa</key>
			<string>PBXBuildFile</string>
		</dict>
		<key>A06931321A9A8AE200188118</key>
		<dict>
			<key>isa</key>
			<string>PBXFileReference</string>
			<key>lastKnownFileType</key>
			<string>compiled.mach-o.dylib</string>
			<key>name</key>
			<string>libicucore.dylib</string>
			<key>path</key>
			<string>usr/lib/libicucore.dylib</string>
			<key>sourceTree</key>
			<string>SDKROOT</string>
		</dict>
		<key>A06931331A9A8AE200188118</key>
		<dict>
			<key>fileRef</key>
			<string>A06931321A9A8AE200188118</string>
			<key>isa</key>
			<string>PBXBuildFile</string>
		</dict>
		<key>A06931341A9A8AE900188118</key>
		<dict>
			<key>isa</key>
			<string>PBXFileReference</string>
			<key>lastKnownFileType</key>
			<string>compiled.mach-o.dylib</string>
			<key>name</key>
			<string>libc++.dylib</string>
			<key>path</key>
			<string>usr/lib/libc++.dylib</string>
			<key>sourceTree</key>
			<string>SDKROOT</string>
		</dict>
		<key>A06931351A9A8AE900188118</key>
		<dict>
			<key>fileRef</key>
			<string>A06931341A9A8AE900188118</string>
			<key>isa</key>
			<string>PBXBuildFile</string>
		</dict>
		<key>A06D67221A9AB276005722D8</key>
		<dict>
			<key>isa</key>
			<string>PBXFileReference</string>
			<key>lastKnownFileType</key>
			<string>wrapper.framework</string>
			<key>name</key>
			<string>MediaPlayer.framework</string>
			<key>path</key>
			<string>System/Library/Frameworks/MediaPlayer.framework</string>
			<key>sourceTree</key>
			<string>SDKROOT</string>
		</dict>
		<key>A06D67231A9AB276005722D8</key>
		<dict>
			<key>fileRef</key>
			<string>A06D67221A9AB276005722D8</string>
			<key>isa</key>
			<string>PBXBuildFile</string>
		</dict>
		<key>A06D67241A9AB27D005722D8</key>
		<dict>
			<key>isa</key>
			<string>PBXFileReference</string>
			<key>lastKnownFileType</key>
			<string>wrapper.framework</string>
			<key>name</key>
			<string>QuartzCore.framework</string>
			<key>path</key>
			<string>System/Library/Frameworks/QuartzCore.framework</string>
			<key>sourceTree</key>
			<string>SDKROOT</string>
		</dict>
		<key>A06D67251A9AB27D005722D8</key>
		<dict>
			<key>fileRef</key>
			<string>A06D67241A9AB27D005722D8</string>
			<key>isa</key>
			<string>PBXBuildFile</string>
		</dict>
		<key>A06D672B1A9AB388005722D8</key>
		<dict>
			<key>isa</key>
			<string>PBXFileReference</string>
			<key>lastKnownFileType</key>
			<string>sourcecode.c.h</string>
			<key>path</key>
			<string>RdioParty-Bridging-Header.h</string>
			<key>sourceTree</key>
			<string>&lt;group&gt;</string>
		</dict>
		<key>A0828F6A1A9EC79700BFF409</key>
		<dict>
			<key>children</key>
			<array>
				<string>A0828F6B1A9EC7AE00BFF409</string>
				<string>A0828F6D1A9EC8BD00BFF409</string>
				<string>A0EFB7CA1A9EF5530098542F</string>
			</array>
			<key>isa</key>
			<string>PBXGroup</string>
			<key>name</key>
			<string>Presenters</string>
			<key>sourceTree</key>
			<string>&lt;group&gt;</string>
		</dict>
		<key>A0828F6B1A9EC7AE00BFF409</key>
		<dict>
			<key>fileEncoding</key>
			<string>4</string>
			<key>isa</key>
			<string>PBXFileReference</string>
			<key>lastKnownFileType</key>
			<string>sourcecode.swift</string>
			<key>path</key>
			<string>RoomListPresenter.swift</string>
			<key>sourceTree</key>
			<string>&lt;group&gt;</string>
		</dict>
		<key>A0828F6C1A9EC7AE00BFF409</key>
		<dict>
			<key>fileRef</key>
			<string>A0828F6B1A9EC7AE00BFF409</string>
			<key>isa</key>
			<string>PBXBuildFile</string>
		</dict>
		<key>A0828F6D1A9EC8BD00BFF409</key>
		<dict>
			<key>fileEncoding</key>
			<string>4</string>
			<key>isa</key>
			<string>PBXFileReference</string>
			<key>lastKnownFileType</key>
			<string>sourcecode.swift</string>
			<key>path</key>
			<string>Presenter.swift</string>
			<key>sourceTree</key>
			<string>&lt;group&gt;</string>
		</dict>
		<key>A0828F6E1A9EC8BD00BFF409</key>
		<dict>
			<key>fileRef</key>
			<string>A0828F6D1A9EC8BD00BFF409</string>
			<key>isa</key>
			<string>PBXBuildFile</string>
		</dict>
		<key>A0828F6F1A9ECFAC00BFF409</key>
		<dict>
			<key>fileEncoding</key>
			<string>4</string>
			<key>isa</key>
			<string>PBXFileReference</string>
			<key>lastKnownFileType</key>
			<string>sourcecode.swift</string>
			<key>path</key>
			<string>RdioPartyViewController.swift</string>
			<key>sourceTree</key>
			<string>&lt;group&gt;</string>
		</dict>
		<key>A0828F701A9ECFAC00BFF409</key>
		<dict>
			<key>fileRef</key>
			<string>A0828F6F1A9ECFAC00BFF409</string>
			<key>isa</key>
			<string>PBXBuildFile</string>
		</dict>
		<key>A0828F791A9EE36800BFF409</key>
		<dict>
			<key>fileEncoding</key>
			<string>4</string>
			<key>isa</key>
			<string>PBXFileReference</string>
			<key>lastKnownFileType</key>
			<string>sourcecode.swift</string>
			<key>path</key>
			<string>RoomListTableViewCell.swift</string>
			<key>sourceTree</key>
			<string>&lt;group&gt;</string>
		</dict>
		<key>A0828F7B1A9EE38700BFF409</key>
		<dict>
			<key>fileRef</key>
			<string>A0828F791A9EE36800BFF409</string>
			<key>isa</key>
			<string>PBXBuildFile</string>
		</dict>
		<key>A0BE2ED41A997E1D0050FCE5</key>
		<dict>
			<key>children</key>
			<array>
				<string>A0BE2ED51A997E620050FCE5</string>
				<string>A0BE2ED81A997E750050FCE5</string>
				<string>A03B31F61A9985A600C7424F</string>
				<string>A0D93D401A9990A700F138DC</string>
				<string>A0D93D421A99952600F138DC</string>
			</array>
			<key>isa</key>
			<string>PBXGroup</string>
			<key>name</key>
			<string>Classes</string>
			<key>sourceTree</key>
			<string>&lt;group&gt;</string>
		</dict>
		<key>A0BE2ED51A997E620050FCE5</key>
		<dict>
			<key>fileEncoding</key>
			<string>4</string>
			<key>isa</key>
			<string>PBXFileReference</string>
			<key>lastKnownFileType</key>
			<string>sourcecode.swift</string>
			<key>path</key>
			<string>Room.swift</string>
			<key>sourceTree</key>
			<string>&lt;group&gt;</string>
		</dict>
		<key>A0BE2ED61A997E620050FCE5</key>
		<dict>
			<key>fileRef</key>
			<string>A0BE2ED51A997E620050FCE5</string>
			<key>isa</key>
			<string>PBXBuildFile</string>
		</dict>
		<key>A0BE2ED81A997E750050FCE5</key>
		<dict>
			<key>fileEncoding</key>
			<string>4</string>
			<key>isa</key>
			<string>PBXFileReference</string>
			<key>lastKnownFileType</key>
			<string>sourcecode.swift</string>
			<key>path</key>
			<string>Person.swift</string>
			<key>sourceTree</key>
			<string>&lt;group&gt;</string>
		</dict>
		<key>A0BE2ED91A997E750050FCE5</key>
		<dict>
			<key>fileRef</key>
			<string>A0BE2ED81A997E750050FCE5</string>
			<key>isa</key>
			<string>PBXBuildFile</string>
		</dict>
		<key>A0D93D401A9990A700F138DC</key>
		<dict>
			<key>fileEncoding</key>
			<string>4</string>
			<key>isa</key>
			<string>PBXFileReference</string>
			<key>lastKnownFileType</key>
			<string>sourcecode.swift</string>
			<key>path</key>
			<string>RdioPlayerManager.swift</string>
			<key>sourceTree</key>
			<string>&lt;group&gt;</string>
		</dict>
		<key>A0D93D411A9990A700F138DC</key>
		<dict>
			<key>fileRef</key>
			<string>A0D93D401A9990A700F138DC</string>
			<key>isa</key>
			<string>PBXBuildFile</string>
		</dict>
		<key>A0D93D421A99952600F138DC</key>
		<dict>
			<key>fileEncoding</key>
			<string>4</string>
			<key>isa</key>
			<string>PBXFileReference</string>
			<key>lastKnownFileType</key>
			<string>sourcecode.swift</string>
			<key>path</key>
			<string>Message.swift</string>
			<key>sourceTree</key>
			<string>&lt;group&gt;</string>
		</dict>
		<key>A0D93D431A99952600F138DC</key>
		<dict>
			<key>fileRef</key>
			<string>A0D93D421A99952600F138DC</string>
			<key>isa</key>
			<string>PBXBuildFile</string>
		</dict>
		<key>A0EFB7CA1A9EF5530098542F</key>
		<dict>
			<key>fileEncoding</key>
			<string>4</string>
			<key>isa</key>
			<string>PBXFileReference</string>
			<key>lastKnownFileType</key>
			<string>sourcecode.swift</string>
			<key>path</key>
			<string>ChatPresenter.swift</string>
			<key>sourceTree</key>
			<string>&lt;group&gt;</string>
		</dict>
		<key>A0EFB7CB1A9EF5530098542F</key>
		<dict>
			<key>fileRef</key>
			<string>A0EFB7CA1A9EF5530098542F</string>
			<key>isa</key>
			<string>PBXBuildFile</string>
		</dict>
		<key>A0EFB7CC1A9F02580098542F</key>
		<dict>
			<key>fileEncoding</key>
			<string>4</string>
			<key>isa</key>
			<string>PBXFileReference</string>
			<key>lastKnownFileType</key>
			<string>sourcecode.swift</string>
			<key>path</key>
			<string>ChatMessageTableViewCell.swift</string>
			<key>sourceTree</key>
			<string>&lt;group&gt;</string>
		</dict>
		<key>A0EFB7CD1A9F02580098542F</key>
		<dict>
			<key>fileEncoding</key>
			<string>4</string>
			<key>isa</key>
			<string>PBXFileReference</string>
			<key>lastKnownFileType</key>
			<string>file.xib</string>
			<key>path</key>
			<string>ChatMessageTableViewCell.xib</string>
			<key>sourceTree</key>
			<string>&lt;group&gt;</string>
		</dict>
		<key>A0EFB7CE1A9F02580098542F</key>
		<dict>
			<key>fileRef</key>
			<string>A0EFB7CC1A9F02580098542F</string>
			<key>isa</key>
			<string>PBXBuildFile</string>
		</dict>
		<key>A0EFB7CF1A9F02580098542F</key>
		<dict>
			<key>fileRef</key>
			<string>A0EFB7CD1A9F02580098542F</string>
			<key>isa</key>
			<string>PBXBuildFile</string>
		</dict>
		<key>AD8700BB555233D088191565</key>
		<dict>
			<key>buildActionMask</key>
			<string>2147483647</string>
			<key>files</key>
			<array/>
			<key>inputPaths</key>
			<array/>
			<key>isa</key>
			<string>PBXShellScriptBuildPhase</string>
			<key>name</key>
			<string>Copy Pods Resources</string>
			<key>outputPaths</key>
			<array/>
			<key>runOnlyForDeploymentPostprocessing</key>
			<string>0</string>
			<key>shellPath</key>
			<string>/bin/sh</string>
			<key>shellScript</key>
			<string>"${SRCROOT}/Pods/Target Support Files/Pods/Pods-resources.sh"
</string>
			<key>showEnvVarsInLog</key>
			<string>0</string>
		</dict>
		<key>E7B96F03D2ACEE195062C9A1</key>
		<dict>
			<key>buildActionMask</key>
			<string>2147483647</string>
			<key>files</key>
			<array/>
			<key>inputPaths</key>
			<array/>
			<key>isa</key>
			<string>PBXShellScriptBuildPhase</string>
			<key>name</key>
			<string>Check Pods Manifest.lock</string>
			<key>outputPaths</key>
			<array/>
			<key>runOnlyForDeploymentPostprocessing</key>
			<string>0</string>
			<key>shellPath</key>
			<string>/bin/sh</string>
			<key>shellScript</key>
			<string>diff "${PODS_ROOT}/../Podfile.lock" "${PODS_ROOT}/Manifest.lock" &gt; /dev/null
if [[ $? != 0 ]] ; then
    cat &lt;&lt; EOM
error: The sandbox is not in sync with the Podfile.lock. Run 'pod install' or update your CocoaPods installation.
EOM
    exit 1
fi
</string>
			<key>showEnvVarsInLog</key>
			<string>0</string>
		</dict>
		<key>E8D34639FC618A3ED3270E20</key>
		<dict>
			<key>includeInIndex</key>
			<string>1</string>
			<key>isa</key>
			<string>PBXFileReference</string>
			<key>lastKnownFileType</key>
			<string>text.xcconfig</string>
			<key>name</key>
			<string>Pods.debug.xcconfig</string>
			<key>path</key>
			<string>Pods/Target Support Files/Pods/Pods.debug.xcconfig</string>
			<key>sourceTree</key>
			<string>&lt;group&gt;</string>
		</dict>
		<key>E9894EF30424D4A5ACC7CE16</key>
		<dict>
			<key>includeInIndex</key>
			<string>1</string>
			<key>isa</key>
			<string>PBXFileReference</string>
			<key>lastKnownFileType</key>
			<string>text.xcconfig</string>
			<key>name</key>
			<string>Pods.release.xcconfig</string>
			<key>path</key>
			<string>Pods/Target Support Files/Pods/Pods.release.xcconfig</string>
			<key>sourceTree</key>
			<string>&lt;group&gt;</string>
		</dict>
	</dict>
	<key>rootObject</key>
	<string>259124041A96C629003B30C5</string>
</dict>
</plist>
